#MicroXplorer Configuration settings - do not modify
ADC1.Channel-0\#ChannelRegularConversion=ADC_CHANNEL_13
ADC1.IPParameters=Rank-0\#ChannelRegularConversion,Channel-0\#ChannelRegularConversion,SamplingTime-0\#ChannelRegularConversion,NbrOfConversionFlag,master
ADC1.NbrOfConversionFlag=1
ADC1.Rank-0\#ChannelRegularConversion=1
ADC1.SamplingTime-0\#ChannelRegularConversion=ADC_SAMPLETIME_3CYCLES
ADC1.master=1
ETH.IPParameters=MediaInterface
ETH.MediaInterface=ETH_MEDIA_INTERFACE_RMII
File.Version=6
KeepUserPlacement=false
Mcu.Family=STM32F4
Mcu.IP0=ADC1
Mcu.IP1=DMA2D
Mcu.IP10=SPI5
Mcu.IP11=SYS
Mcu.IP12=TIM5
Mcu.IP13=TIM11
Mcu.IP14=TIM13
Mcu.IP15=TIM14
Mcu.IP16=USART1
Mcu.IP2=ETH
Mcu.IP3=FMC
Mcu.IP4=IWDG
Mcu.IP5=LTDC
Mcu.IP6=NVIC
Mcu.IP7=RCC
Mcu.IP8=RTC
Mcu.IP9=SDIO
Mcu.IPNb=17
Mcu.Name=STM32F429I(E-G)Tx
Mcu.Package=LQFP176
Mcu.Pin0=PE4
Mcu.Pin1=PE5
Mcu.Pin10=PF3
Mcu.Pin100=VP_TIM5_VS_ClockSourceINT
Mcu.Pin101=VP_TIM11_VS_ClockSourceINT
Mcu.Pin102=VP_TIM13_VS_ClockSourceINT
Mcu.Pin103=VP_TIM14_VS_ClockSourceINT
Mcu.Pin11=PF4
Mcu.Pin12=PF5
Mcu.Pin13=PF7
Mcu.Pin14=PF8
Mcu.Pin15=PF9
Mcu.Pin16=PF10
Mcu.Pin17=PH0/OSC_IN
Mcu.Pin18=PH1/OSC_OUT
Mcu.Pin19=PC0
Mcu.Pin2=PE6
Mcu.Pin20=PC1
Mcu.Pin21=PC3
Mcu.Pin22=PA1
Mcu.Pin23=PA2
Mcu.Pin24=PH2
Mcu.Pin25=PH3
Mcu.Pin26=PA3
Mcu.Pin27=PA7
Mcu.Pin28=PC4
Mcu.Pin29=PC5
Mcu.Pin3=PC14/OSC32_IN
Mcu.Pin30=PB0
Mcu.Pin31=PB1
Mcu.Pin32=PF11
Mcu.Pin33=PF12
Mcu.Pin34=PF13
Mcu.Pin35=PF14
Mcu.Pin36=PF15
Mcu.Pin37=PG0
Mcu.Pin38=PG1
Mcu.Pin39=PE7
Mcu.Pin4=PC15/OSC32_OUT
Mcu.Pin40=PE8
Mcu.Pin41=PE9
Mcu.Pin42=PE10
Mcu.Pin43=PE11
Mcu.Pin44=PE12
Mcu.Pin45=PE13
Mcu.Pin46=PE14
Mcu.Pin47=PE15
Mcu.Pin48=PB11
Mcu.Pin49=PH6
Mcu.Pin5=PI9
Mcu.Pin50=PH7
Mcu.Pin51=PH8
Mcu.Pin52=PH10
Mcu.Pin53=PH11
Mcu.Pin54=PH12
Mcu.Pin55=PD8
Mcu.Pin56=PD9
Mcu.Pin57=PD10
Mcu.Pin58=PD14
Mcu.Pin59=PD15
Mcu.Pin6=PI10
Mcu.Pin60=PG4
Mcu.Pin61=PG5
Mcu.Pin62=PG6
Mcu.Pin63=PG7
Mcu.Pin64=PG8
Mcu.Pin65=PC7
Mcu.Pin66=PC8
Mcu.Pin67=PC9
Mcu.Pin68=PA9
Mcu.Pin69=PA10
Mcu.Pin7=PF0
Mcu.Pin70=PA11
Mcu.Pin71=PA12
Mcu.Pin72=PA13
Mcu.Pin73=PH13
Mcu.Pin74=PH15
Mcu.Pin75=PI0
Mcu.Pin76=PI2
Mcu.Pin77=PA14
Mcu.Pin78=PC10
Mcu.Pin79=PC11
Mcu.Pin8=PF1
Mcu.Pin80=PC12
Mcu.Pin81=PD0
Mcu.Pin82=PD1
Mcu.Pin83=PD2
Mcu.Pin84=PD6
Mcu.Pin85=PG10
Mcu.Pin86=PG11
Mcu.Pin87=PG12
Mcu.Pin88=PG13
Mcu.Pin89=PG14
Mcu.Pin9=PF2
Mcu.Pin90=PG15
Mcu.Pin91=PB8
Mcu.Pin92=PB9
Mcu.Pin93=PE0
Mcu.Pin94=PE1
Mcu.Pin95=PI4
Mcu.Pin96=VP_DMA2D_VS_DMA2D
Mcu.Pin97=VP_IWDG_VS_IWDG
Mcu.Pin98=VP_RTC_VS_RTC_Activate
Mcu.Pin99=VP_SYS_VS_Systick
Mcu.PinsNb=104
Mcu.ThirdPartyNb=0
Mcu.UserConstants=
Mcu.UserName=STM32F429IGTx
MxCube.Version=5.0.0
MxDb.Version=DB.5.0.0
NVIC.BusFault_IRQn=true\:0\:0\:false\:false\:true\:false
NVIC.DebugMonitor_IRQn=true\:0\:0\:false\:false\:true\:false
NVIC.HardFault_IRQn=true\:0\:0\:false\:false\:true\:false
NVIC.MemoryManagement_IRQn=true\:0\:0\:false\:false\:true\:false
NVIC.NonMaskableInt_IRQn=true\:0\:0\:false\:false\:true\:false
NVIC.PendSV_IRQn=true\:0\:0\:false\:false\:true\:false
NVIC.PriorityGroup=NVIC_PRIORITYGROUP_4
NVIC.SVCall_IRQn=true\:0\:0\:false\:false\:true\:false
NVIC.SysTick_IRQn=true\:0\:0\:false\:false\:true\:false
NVIC.USART1_IRQn=true\:0\:0\:false\:false\:true\:true
NVIC.UsageFault_IRQn=true\:0\:0\:false\:false\:true\:false
PA1.Mode=RMII
PA1.Signal=ETH_REF_CLK
PA9.GPIOParameters=GPIO_PuPd
PA9.GPIO_PuPd=GPIO_PULLUP
PA9.Mode=Asynchronous
PA9.Signal=USART1_TX
PA10.GPIOParameters=GPIO_PuPd
PA10.GPIO_PuPd=GPIO_PULLUP
PA10.Mode=Asynchronous
PA10.Signal=USART1_RX
PA11.Mode=RGB888
PA11.Signal=LTDC_R4
PA12.Mode=RGB888
PA12.Signal=LTDC_R5
PA13.Mode=Serial_Wire
PA13.Signal=SYS_JTMS-SWDIO
PA14.Mode=Serial_Wire
PA14.Signal=SYS_JTCK-SWCLK
PA2.Mode=RMII
PA2.Signal=ETH_MDIO
PA3.Locked=true
PA3.Mode=RGB888
PA3.Signal=LTDC_B5
PA7.Mode=RMII
PA7.Signal=ETH_CRS_DV
PB0.Locked=true
PB0.Mode=RGB888
PB0.Signal=LTDC_R3
PB1.Locked=true
PB1.Mode=RGB888
PB1.Signal=LTDC_R6
PB11.Mode=RMII
PB11.Signal=ETH_TX_EN
PB8.Locked=true
PB8.Mode=RGB888
PB8.Signal=LTDC_B6
PB9.Locked=true
PB9.Mode=RGB888
PB9.Signal=LTDC_B7
PC0.Signal=FMC_SDNWE
PC1.Mode=RMII
PC1.Signal=ETH_MDC
PC10.Mode=SD_4_bits_Wide_bus
PC10.Signal=SDIO_D2
PC11.Mode=SD_4_bits_Wide_bus
PC11.Signal=SDIO_D3
PC12.Mode=SD_4_bits_Wide_bus
PC12.Signal=SDIO_CK
PC14/OSC32_IN.Mode=LSE-External-Oscillator
PC14/OSC32_IN.Signal=RCC_OSC32_IN
PC15/OSC32_OUT.Mode=LSE-External-Oscillator
PC15/OSC32_OUT.Signal=RCC_OSC32_OUT
PC3.Locked=true
PC3.Signal=ADCx_IN13
PC4.Mode=RMII
PC4.Signal=ETH_RXD0
PC5.Mode=RMII
PC5.Signal=ETH_RXD1
PC7.Locked=true
PC7.Mode=RGB888
PC7.Signal=LTDC_G6
PC8.Mode=SD_4_bits_Wide_bus
PC8.Signal=SDIO_D0
PC9.Mode=SD_4_bits_Wide_bus
PC9.Signal=SDIO_D1
PCC.Checker=false
PCC.Line=STM32F429/439
PCC.MCU=STM32F429I(E-G)Tx
PCC.PartNumber=STM32F429IGTx
PCC.Seq0=0
PCC.Series=STM32F4
PCC.Temperature=25
PCC.Vdd=null
PD0.Signal=FMC_D2_DA2
PD1.Signal=FMC_D3_DA3
PD10.Signal=FMC_D15_DA15
PD14.Signal=FMC_D0_DA0
PD15.Signal=FMC_D1_DA1
PD2.Mode=SD_4_bits_Wide_bus
PD2.Signal=SDIO_CMD
PD6.Locked=true
PD6.Mode=RGB888
PD6.Signal=LTDC_B2
PD8.Signal=FMC_D13_DA13
PD9.Signal=FMC_D14_DA14
PE0.Signal=FMC_NBL0
PE1.Signal=FMC_NBL1
PE10.Signal=FMC_D7_DA7
PE11.Signal=FMC_D8_DA8
PE12.Signal=FMC_D9_DA9
PE13.Signal=FMC_D10_DA10
PE14.Signal=FMC_D11_DA11
PE15.Signal=FMC_D12_DA12
PE4.Mode=RGB888
PE4.Signal=LTDC_B0
PE5.Mode=RGB888
PE5.Signal=LTDC_G0
PE6.Mode=RGB888
PE6.Signal=LTDC_G1
PE7.Signal=FMC_D4_DA4
PE8.Signal=FMC_D5_DA5
PE9.Signal=FMC_D6_DA6
PF0.Signal=FMC_A0
PF1.Signal=FMC_A1
PF10.Mode=RGB888
PF10.Signal=LTDC_DE
PF11.Signal=FMC_SDNRAS
PF12.Signal=FMC_A6
PF13.Signal=FMC_A7
PF14.Signal=FMC_A8
PF15.Signal=FMC_A9
PF2.Signal=FMC_A2
PF3.Signal=FMC_A3
PF4.Signal=FMC_A4
PF5.Signal=FMC_A5
PF7.Locked=true
PF7.Mode=Full_Duplex_Master
PF7.Signal=SPI5_SCK
PF8.Locked=true
PF8.Mode=Full_Duplex_Master
PF8.Signal=SPI5_MISO
PF9.Mode=Full_Duplex_Master
PF9.Signal=SPI5_MOSI
PG0.Signal=FMC_A10
PG1.Signal=FMC_A11
PG10.Locked=true
PG10.Mode=RGB888
PG10.Signal=LTDC_G3
PG11.Mode=RGB888
PG11.Signal=LTDC_B3
PG12.Mode=RGB888
PG12.Signal=LTDC_B1
PG13.Locked=true
PG13.Mode=RMII
PG13.Signal=ETH_TXD0
PG14.Locked=true
PG14.Mode=RMII
PG14.Signal=ETH_TXD1
PG15.Signal=FMC_SDNCAS
PG4.Signal=FMC_A14_BA0
PG5.Signal=FMC_A15_BA1
PG6.Mode=RGB888
PG6.Signal=LTDC_R7
PG7.Mode=RGB888
PG7.Signal=LTDC_CLK
PG8.Signal=FMC_SDCLK
PH0/OSC_IN.Mode=HSE-External-Oscillator
PH0/OSC_IN.Signal=RCC_OSC_IN
PH1/OSC_OUT.Mode=HSE-External-Oscillator
PH1/OSC_OUT.Signal=RCC_OSC_OUT
PH10.Locked=true
PH10.Signal=S_TIM5_CH1
PH11.Signal=S_TIM5_CH2
PH12.Signal=S_TIM5_CH3
PH13.Mode=RGB888
PH13.Signal=LTDC_G2
PH15.Mode=RGB888
PH15.Signal=LTDC_G4
PH2.Locked=true
PH2.Mode=RGB888
PH2.Signal=LTDC_R0
PH3.Mode=RGB888
PH3.Signal=LTDC_R1
PH6.Mode=SdramChipSelect2_1
PH6.Signal=FMC_SDNE1
PH7.Mode=SdramChipSelect2_1
PH7.Signal=FMC_SDCKE1
PH8.Mode=RGB888
PH8.Signal=LTDC_R2
PI0.Mode=RGB888
PI0.Signal=LTDC_G5
PI10.Mode=RGB888
PI10.Signal=LTDC_HSYNC
PI2.Mode=RGB888
PI2.Signal=LTDC_G7
PI4.Mode=RGB888
PI4.Signal=LTDC_B4
PI9.Mode=RGB888
PI9.Signal=LTDC_VSYNC
PinOutPanel.RotationAngle=0
ProjectManager.AskForMigrate=true
ProjectManager.BackupPrevious=false
ProjectManager.CompilerOptimize=6
ProjectManager.ComputerToolchain=false
ProjectManager.CoupleFile=false
ProjectManager.CustomerFirmwarePackage=
ProjectManager.DefaultFWLocation=true
ProjectManager.DeletePrevious=true
ProjectManager.DeviceId=STM32F429IGTx
ProjectManager.FirmwarePackage=STM32Cube FW_F4 V1.22.0
ProjectManager.FreePins=false
ProjectManager.HalAssertFull=false
ProjectManager.HeapSize=0x200
ProjectManager.KeepUserCode=true
ProjectManager.LastFirmware=false
ProjectManager.LibraryCopy=0
ProjectManager.MainLocation=Src
ProjectManager.NoMain=false
ProjectManager.PreviousToolchain=
ProjectManager.ProjectBuild=false
ProjectManager.ProjectFileName=CubeMX_Config.ioc
ProjectManager.ProjectName=CubeMX_Config
ProjectManager.StackSize=0x400
ProjectManager.TargetToolchain=MDK-ARM V5
ProjectManager.ToolChainLocation=
ProjectManager.UnderRoot=false
ProjectManager.functionlistsort=1-MX_GPIO_Init-GPIO-false-HAL-true,2-SystemClock_Config-RCC-false-HAL-false,3-MX_USART1_UART_Init-USART1-false-HAL-true,4-MX_ETH_Init-ETH-false-HAL-true,5-MX_SPI5_Init-SPI5-false-HAL-true,6-MX_FMC_Init-FMC-false-HAL-true,7-MX_ADC1_Init-ADC1-false-HAL-true,8-MX_RTC_Init-RTC-false-HAL-true,9-MX_IWDG_Init-IWDG-false-HAL-true,10-MX_TIM14_Init-TIM14-false-HAL-true,11-MX_TIM13_Init-TIM13-false-HAL-true,12-MX_TIM11_Init-TIM11-false-HAL-true,13-MX_SDIO_SD_Init-SDIO-false-HAL-true,14-MX_TIM5_Init-TIM5-false-HAL-true,15-MX_LTDC_Init-LTDC-false-HAL-true,16-MX_DMA2D_Init-DMA2D-false-HAL-true
RCC.48MHZClocksFreq_Value=45000000
RCC.AHBFreq_Value=180000000
RCC.APB1CLKDivider=RCC_HCLK_DIV4
RCC.APB1Freq_Value=45000000
RCC.APB1TimFreq_Value=90000000
RCC.APB2CLKDivider=RCC_HCLK_DIV2
RCC.APB2Freq_Value=90000000
RCC.APB2TimFreq_Value=180000000
RCC.CortexFreq_Value=180000000
RCC.EthernetFreq_Value=180000000
RCC.FCLKCortexFreq_Value=180000000
RCC.FamilyName=M
RCC.HCLKFreq_Value=180000000
RCC.HSE_VALUE=25000000
RCC.HSI_VALUE=16000000
RCC.I2SClocksFreq_Value=160000000
RCC.IPParameters=48MHZClocksFreq_Value,AHBFreq_Value,APB1CLKDivider,APB1Freq_Value,APB1TimFreq_Value,APB2CLKDivider,APB2Freq_Value,APB2TimFreq_Value,CortexFreq_Value,EthernetFreq_Value,FCLKCortexFreq_Value,FamilyName,HCLKFreq_Value,HSE_VALUE,HSI_VALUE,I2SClocksFreq_Value,LCDTFTFreq_Value,LSI_VALUE,MCO2PinFreq_Value,PLLCLKFreq_Value,PLLM,PLLN,PLLQ,PLLQCLKFreq_Value,PLLSAIN,PLLSourceVirtual,RCC_RTC_Clock_Source,RCC_RTC_Clock_SourceVirtual,RTCFreq_Value,RTCHSEDivFreq_Value,SAI_AClocksFreq_Value,SAI_BClocksFreq_Value,SYSCLKFreq_VALUE,SYSCLKSource,VCOI2SOutputFreq_Value,VCOInputFreq_Value,VCOOutputFreq_Value,VCOSAIOutputFreq_Value,VCOSAIOutputFreq_ValueQ,VCOSAIOutputFreq_ValueR,VcooutputI2S,VcooutputI2SQ
RCC.LCDTFTFreq_Value=25000000
RCC.LSI_VALUE=32000
RCC.MCO2PinFreq_Value=180000000
RCC.PLLCLKFreq_Value=180000000
RCC.PLLM=15
RCC.PLLN=216
RCC.PLLQ=8
RCC.PLLQCLKFreq_Value=45000000
RCC.PLLSAIN=60
RCC.PLLSourceVirtual=RCC_PLLSOURCE_HSE
RCC.RCC_RTC_Clock_Source=RCC_RTCCLKSOURCE_LSE
RCC.RCC_RTC_Clock_SourceVirtual=RCC_RTCCLKSOURCE_LSE
RCC.RTCFreq_Value=32768
RCC.RTCHSEDivFreq_Value=12500000
RCC.SAI_AClocksFreq_Value=25000000
RCC.SAI_BClocksFreq_Value=25000000
RCC.SYSCLKFreq_VALUE=180000000
RCC.SYSCLKSource=RCC_SYSCLKSOURCE_PLLCLK
RCC.VCOI2SOutputFreq_Value=320000000
RCC.VCOInputFreq_Value=1666666.6666666667
RCC.VCOOutputFreq_Value=360000000
RCC.VCOSAIOutputFreq_Value=100000000
RCC.VCOSAIOutputFreq_ValueQ=25000000
RCC.VCOSAIOutputFreq_ValueR=50000000
RCC.VcooutputI2S=160000000
RCC.VcooutputI2SQ=160000000
SH.ADCx_IN13.0=ADC1_IN13,IN13
SH.ADCx_IN13.ConfNb=1
SH.FMC_A0.0=FMC_A0,12b-sda1
SH.FMC_A0.ConfNb=1
SH.FMC_A1.0=FMC_A1,12b-sda1
SH.FMC_A1.ConfNb=1
SH.FMC_A10.0=FMC_A10,12b-sda1
SH.FMC_A10.ConfNb=1
SH.FMC_A11.0=FMC_A11,12b-sda1
SH.FMC_A11.ConfNb=1
SH.FMC_A14_BA0.0=FMC_BA0,FourSdramBanks1
SH.FMC_A14_BA0.ConfNb=1
SH.FMC_A15_BA1.0=FMC_BA1,FourSdramBanks1
SH.FMC_A15_BA1.ConfNb=1
SH.FMC_A2.0=FMC_A2,12b-sda1
SH.FMC_A2.ConfNb=1
SH.FMC_A3.0=FMC_A3,12b-sda1
SH.FMC_A3.ConfNb=1
SH.FMC_A4.0=FMC_A4,12b-sda1
SH.FMC_A4.ConfNb=1
SH.FMC_A5.0=FMC_A5,12b-sda1
SH.FMC_A5.ConfNb=1
SH.FMC_A6.0=FMC_A6,12b-sda1
SH.FMC_A6.ConfNb=1
SH.FMC_A7.0=FMC_A7,12b-sda1
SH.FMC_A7.ConfNb=1
SH.FMC_A8.0=FMC_A8,12b-sda1
SH.FMC_A8.ConfNb=1
SH.FMC_A9.0=FMC_A9,12b-sda1
SH.FMC_A9.ConfNb=1
SH.FMC_D0_DA0.0=FMC_D0,sd-16b-d1
SH.FMC_D0_DA0.ConfNb=1
SH.FMC_D10_DA10.0=FMC_D10,sd-16b-d1
SH.FMC_D10_DA10.ConfNb=1
SH.FMC_D11_DA11.0=FMC_D11,sd-16b-d1
SH.FMC_D11_DA11.ConfNb=1
SH.FMC_D12_DA12.0=FMC_D12,sd-16b-d1
SH.FMC_D12_DA12.ConfNb=1
SH.FMC_D13_DA13.0=FMC_D13,sd-16b-d1
SH.FMC_D13_DA13.ConfNb=1
SH.FMC_D14_DA14.0=FMC_D14,sd-16b-d1
SH.FMC_D14_DA14.ConfNb=1
SH.FMC_D15_DA15.0=FMC_D15,sd-16b-d1
SH.FMC_D15_DA15.ConfNb=1
SH.FMC_D1_DA1.0=FMC_D1,sd-16b-d1
SH.FMC_D1_DA1.ConfNb=1
SH.FMC_D2_DA2.0=FMC_D2,sd-16b-d1
SH.FMC_D2_DA2.ConfNb=1
SH.FMC_D3_DA3.0=FMC_D3,sd-16b-d1
SH.FMC_D3_DA3.ConfNb=1
SH.FMC_D4_DA4.0=FMC_D4,sd-16b-d1
SH.FMC_D4_DA4.ConfNb=1
SH.FMC_D5_DA5.0=FMC_D5,sd-16b-d1
SH.FMC_D5_DA5.ConfNb=1
SH.FMC_D6_DA6.0=FMC_D6,sd-16b-d1
SH.FMC_D6_DA6.ConfNb=1
SH.FMC_D7_DA7.0=FMC_D7,sd-16b-d1
SH.FMC_D7_DA7.ConfNb=1
SH.FMC_D8_DA8.0=FMC_D8,sd-16b-d1
SH.FMC_D8_DA8.ConfNb=1
SH.FMC_D9_DA9.0=FMC_D9,sd-16b-d1
SH.FMC_D9_DA9.ConfNb=1
SH.FMC_NBL0.0=FMC_NBL0,Sd2ByteEnable1
SH.FMC_NBL0.ConfNb=1
SH.FMC_NBL1.0=FMC_NBL1,Sd2ByteEnable1
SH.FMC_NBL1.ConfNb=1
SH.FMC_SDCLK.0=FMC_SDCLK,12b-sda1
SH.FMC_SDCLK.ConfNb=1
SH.FMC_SDNCAS.0=FMC_SDNCAS,12b-sda1
SH.FMC_SDNCAS.ConfNb=1
SH.FMC_SDNRAS.0=FMC_SDNRAS,12b-sda1
SH.FMC_SDNRAS.ConfNb=1
SH.FMC_SDNWE.0=FMC_SDNWE,12b-sda1
SH.FMC_SDNWE.ConfNb=1
SH.S_TIM5_CH1.0=TIM5_CH1,PWM Generation1 CH1
SH.S_TIM5_CH1.ConfNb=1
SH.S_TIM5_CH2.0=TIM5_CH2,PWM Generation2 CH2
SH.S_TIM5_CH2.ConfNb=1
SH.S_TIM5_CH3.0=TIM5_CH3,PWM Generation3 CH3
SH.S_TIM5_CH3.ConfNb=1
SPI5.BaudRatePrescaler=SPI_BAUDRATEPRESCALER_2
SPI5.CalculateBaudRate=45.0 MBits/s
SPI5.Direction=SPI_DIRECTION_2LINES
SPI5.IPParameters=VirtualType,Mode,Direction,CalculateBaudRate,BaudRatePrescaler
SPI5.Mode=SPI_MODE_MASTER
SPI5.VirtualType=VM_MASTER
TIM5.Channel-PWM\ Generation1\ CH1=TIM_CHANNEL_1
TIM5.Channel-PWM\ Generation2\ CH2=TIM_CHANNEL_2
TIM5.Channel-PWM\ Generation3\ CH3=TIM_CHANNEL_3
TIM5.IPParameters=Channel-PWM Generation1 CH1,Channel-PWM Generation2 CH2,Channel-PWM Generation3 CH3
USART1.IPParameters=VirtualMode
USART1.VirtualMode=VM_ASYNC
VP_DMA2D_VS_DMA2D.Mode=DMA2D_Activate
VP_DMA2D_VS_DMA2D.Signal=DMA2D_VS_DMA2D
VP_IWDG_VS_IWDG.Mode=IWDG_Activate
VP_IWDG_VS_IWDG.Signal=IWDG_VS_IWDG
VP_RTC_VS_RTC_Activate.Mode=RTC_Enabled
VP_RTC_VS_RTC_Activate.Signal=RTC_VS_RTC_Activate
VP_SYS_VS_Systick.Mode=SysTick
VP_SYS_VS_Systick.Signal=SYS_VS_Systick
VP_TIM11_VS_ClockSourceINT.Mode=Enable_Timer
VP_TIM11_VS_ClockSourceINT.Signal=TIM11_VS_ClockSourceINT
VP_TIM13_VS_ClockSourceINT.Mode=Enable_Timer
VP_TIM13_VS_ClockSourceINT.Signal=TIM13_VS_ClockSourceINT
VP_TIM14_VS_ClockSourceINT.Mode=Enable_Timer
VP_TIM14_VS_ClockSourceINT.Signal=TIM14_VS_ClockSourceINT
VP_TIM5_VS_ClockSourceINT.Mode=Internal
VP_TIM5_VS_ClockSourceINT.Signal=TIM5_VS_ClockSourceINT
board=custom
