#MicroXplorer Configuration settings - do not modify
Mcu.Family=STM32L4
PC3.Mode=Full_Duplex_Master
ProjectManager.MainLocation=Src
PA6.Mode=Full_Duplex_Master
RCC.USART1Freq_Value=80000000
RCC.SAI1Freq_Value=18285714.285714287
USART2.IPParameters=VirtualMode-Asynchronous
RCC.CortexFreq_Value=80000000
SPI3.Direction=SPI_DIRECTION_2LINES
VP_TIM17_VS_ClockSourceINT.Mode=Enable_Timer
SPI3.VirtualType=VM_MASTER
ProjectManager.KeepUserCode=true
Mcu.UserName=STM32L476RGTx
SPI1.VirtualType=VM_MASTER
SPI2.VirtualType=VM_MASTER
PB10.Mode=Full_Duplex_Master
ADC2.Channel-0\#ChannelRegularConversion=ADC_CHANNEL_2
SH.ADCx_IN2.0=ADC2_IN2,IN2-Single-Ended
PC10.Signal=SPI3_SCK
PC12.Signal=SPI3_MOSI
RCC.PLLSAI1RoutputFreq_Value=64000000
ProjectManager.functionlistsort=1-MX_GPIO_Init-GPIO-false-HAL-true,2-SystemClock_Config-RCC-false-HAL-false,3-MX_USART2_UART_Init-USART2-false-HAL-true,4-MX_RTC_Init-RTC-false-HAL-true,5-MX_SPI1_Init-SPI1-false-HAL-true,6-MX_SPI2_Init-SPI2-false-HAL-true,7-MX_SPI3_Init-SPI3-false-HAL-true,8-MX_TIM15_Init-TIM15-false-HAL-true,9-MX_TIM16_Init-TIM16-false-HAL-true,10-MX_TIM17_Init-TIM17-false-HAL-true,11-MX_ADC1_Init-ADC1-false-HAL-true,12-MX_ADC2_Init-ADC2-false-HAL-true,13-MX_ADC3_Init-ADC3-false-HAL-true,14-MX_LPTIM1_Init-LPTIM1-false-HAL-true
VP_RTC_VS_RTC_Activate.Mode=RTC_Enabled
RCC.RTCFreq_Value=32768
RCC.USART2Freq_Value=80000000
PC15-OSC32_OUT\ (PC15).Mode=LSE-External-Oscillator
ADC3.Channel-0\#ChannelRegularConversion=ADC_CHANNEL_3
PinOutPanel.RotationAngle=0
RCC.MCO1PinFreq_Value=80000000
RCC.SYSCLKSource=RCC_SYSCLKSOURCE_PLLCLK
ProjectManager.StackSize=0x400
PC14-OSC32_IN\ (PC14).Mode=LSE-External-Oscillator
PA14\ (JTCK-SWCLK).Signal=SYS_JTCK-SWCLK
RCC.I2C3Freq_Value=80000000
RCC.LPTIM1Freq_Value=80000000
Mcu.IP4=NVIC
Mcu.IP5=RCC
RCC.FCLKCortexFreq_Value=80000000
Mcu.IP2=ADC3
NVIC.SVCall_IRQn=true\:0\:0\:false\:false\:true\:false\:false
Mcu.IP3=LPTIM1
Mcu.IP0=ADC1
Mcu.IP1=ADC2
Mcu.UserConstants=
RCC.VCOSAI1OutputFreq_Value=128000000
RCC.SDMMCFreq_Value=64000000
Mcu.ThirdPartyNb=0
SPI1.Direction=SPI_DIRECTION_2LINES
RCC.HCLKFreq_Value=80000000
SH.ADCx_IN3.0=ADC3_IN3,IN3-Single-Ended
Mcu.IPNb=15
ProjectManager.PreviousToolchain=
RCC.APB2TimFreq_Value=80000000
SPI1.CalculateBaudRate=40.0 MBits/s
SH.ADCx_IN3.ConfNb=1
PC3.Signal=SPI2_MOSI
Mcu.Pin6=PA2
RCC.SAI2Freq_Value=18285714.285714287
Mcu.Pin7=PA3
Mcu.Pin8=PA5
Mcu.Pin9=PA6
RCC.AHBFreq_Value=80000000
Mcu.Pin0=PC14-OSC32_IN (PC14)
Mcu.Pin1=PC15-OSC32_OUT (PC15)
Mcu.Pin2=PC0
Mcu.Pin3=PC1
RCC.USART3Freq_Value=80000000
Mcu.Pin4=PC2
Mcu.Pin5=PC3
ADC1.Channel-0\#ChannelRegularConversion=ADC_CHANNEL_1
ProjectManager.ProjectBuild=false
RCC.HSE_VALUE=8000000
NVIC.UsageFault_IRQn=true\:0\:0\:false\:false\:true\:false\:false
NVIC.DebugMonitor_IRQn=true\:0\:0\:false\:false\:true\:false\:false
Mcu.IP10=SYS
USART2.VirtualMode-Asynchronous=VM_ASYNC
NVIC.SysTick_IRQn=true\:0\:0\:false\:false\:true\:false\:true
RCC.RTCClockSelection=RCC_RTCCLKSOURCE_LSE
Mcu.IP12=TIM16
Mcu.IP11=TIM15
ProjectManager.FirmwarePackage=STM32Cube FW_L4 V1.15.1
MxDb.Version=DB.5.0.60
Mcu.IP14=USART2
Mcu.IP13=TIM17
ProjectManager.BackupPrevious=false
RCC.VCOInputFreq_Value=16000000
SH.ADCx_IN1.ConfNb=1
PB14.Mode=Full_Duplex_Master
File.Version=6
SPI2.CalculateBaudRate=40.0 MBits/s
ADC3.IPParameters=Rank-0\#ChannelRegularConversion,Channel-0\#ChannelRegularConversion,SamplingTime-0\#ChannelRegularConversion,OffsetNumber-0\#ChannelRegularConversion,NbrOfConversionFlag
RCC.PLLRCLKFreq_Value=80000000
NVIC.PendSV_IRQn=true\:0\:0\:false\:false\:true\:false\:false
VP_TIM15_VS_ClockSourceINT.Signal=TIM15_VS_ClockSourceINT
ProjectManager.HalAssertFull=false
ADC1.SamplingTime-0\#ChannelRegularConversion=ADC_SAMPLETIME_2CYCLES_5
ProjectManager.ProjectName=CubeMX_Config
Mcu.Package=LQFP64
PA6.Signal=SPI1_MISO
SPI2.Mode=SPI_MODE_MASTER
SPI3.Mode=SPI_MODE_MASTER
ProjectManager.ToolChainLocation=
RCC.LSI_VALUE=32000
VP_SYS_VS_Systick.Signal=SYS_VS_Systick
VP_LPTIM1_VS_LPTIM_counterModeInternalClock.Mode=Counts__internal_clock_event_00
ADC3.Rank-0\#ChannelRegularConversion=1
RCC.LSCOPinFreq_Value=32000
ADC2.SamplingTime-0\#ChannelRegularConversion=ADC_SAMPLETIME_2CYCLES_5
RCC.DFSDMFreq_Value=80000000
PC11.Mode=Full_Duplex_Master
ADC3.OffsetNumber-0\#ChannelRegularConversion=ADC_OFFSET_NONE
SH.ADCx_IN1.0=ADC1_IN1,IN1-Single-Ended
RCC.PLLPoutputFreq_Value=22857142.85714286
RCC.APB1TimFreq_Value=80000000
NVIC.BusFault_IRQn=true\:0\:0\:false\:false\:true\:false\:false
RCC.LPUART1Freq_Value=80000000
SPI3.IPParameters=VirtualType,Mode,Direction,CalculateBaudRate
SPI2.Direction=SPI_DIRECTION_2LINES
ADC2.Rank-0\#ChannelRegularConversion=1
PA13\ (JTMS-SWDIO).Signal=SYS_JTMS-SWDIO
ProjectManager.CustomerFirmwarePackage=
PA3.Signal=USART2_RX
PA5.Mode=Full_Duplex_Master
VP_RTC_VS_RTC_Activate.Signal=RTC_VS_RTC_Activate
RCC.MSI_VALUE=4000000
RCC.PLLSourceVirtual=RCC_PLLSOURCE_HSI
PA14\ (JTCK-SWCLK).Mode=Serial_Wire
RCC.PLLQoutputFreq_Value=80000000
ProjectManager.ProjectFileName=CubeMX_Config.ioc
ADC1.Rank-0\#ChannelRegularConversion=1
PA7.Mode=Full_Duplex_Master
Mcu.PinsNb=24
ProjectManager.NoMain=false
SPI1.IPParameters=VirtualType,Mode,Direction,CalculateBaudRate
ADC1.IPParameters=Rank-0\#ChannelRegularConversion,Channel-0\#ChannelRegularConversion,SamplingTime-0\#ChannelRegularConversion,OffsetNumber-0\#ChannelRegularConversion,NbrOfConversionFlag,master
ADC1.OffsetNumber-0\#ChannelRegularConversion=ADC_OFFSET_NONE
PC11.Signal=SPI3_MISO
RCC.SWPMI1Freq_Value=80000000
PC2.Signal=ADCx_IN3
PC10.Mode=Full_Duplex_Master
ProjectManager.DefaultFWLocation=true
PC15-OSC32_OUT\ (PC15).Signal=RCC_OSC32_OUT
VP_TIM16_VS_ClockSourceINT.Mode=Enable_Timer
ProjectManager.DeletePrevious=true
PC0.Signal=ADCx_IN1
RCC.VCOSAI2OutputFreq_Value=128000000
VP_TIM17_VS_ClockSourceINT.Signal=TIM17_VS_ClockSourceINT
RCC.FamilyName=M
PA3.Mode=Asynchronous
ADC3.SamplingTime-0\#ChannelRegularConversion=ADC_SAMPLETIME_2CYCLES_5
ProjectManager.TargetToolchain=MDK-ARM V5
ADC2.IPParameters=Rank-0\#ChannelRegularConversion,Channel-0\#ChannelRegularConversion,SamplingTime-0\#ChannelRegularConversion,OffsetNumber-0\#ChannelRegularConversion,NbrOfConversionFlag
SPI2.IPParameters=VirtualType,Mode,Direction,CalculateBaudRate
RCC.USBFreq_Value=64000000
RCC.PLLSAI1PoutputFreq_Value=18285714.285714287
PB10.Signal=SPI2_SCK
PB14.Signal=SPI2_MISO
RCC.PLLSAI2RoutputFreq_Value=64000000
PA5.Signal=SPI1_SCK
ADC2.OffsetNumber-0\#ChannelRegularConversion=ADC_OFFSET_NONE
PC12.Mode=Full_Duplex_Master
board=custom
RCC.VCOOutputFreq_Value=160000000
ProjectManager.LastFirmware=true
RCC.APB2Freq_Value=80000000
RCC.UART4Freq_Value=80000000
SPI3.CalculateBaudRate=40.0 MBits/s
MxCube.Version=5.6.1
RCC.I2C1Freq_Value=80000000
SPI1.Mode=SPI_MODE_MASTER
RCC.LCDFreq_Value=32768
RCC.RNGFreq_Value=64000000
SH.ADCx_IN2.ConfNb=1
RCC.PLLSAI1QoutputFreq_Value=64000000
RCC.ADCFreq_Value=64000000
VP_SYS_VS_Systick.Mode=SysTick
VP_TIM16_VS_ClockSourceINT.Signal=TIM16_VS_ClockSourceINT
NVIC.NonMaskableInt_IRQn=true\:0\:0\:false\:false\:true\:false\:false
RCC.UART5Freq_Value=80000000
ProjectManager.FreePins=false
RCC.IPParameters=ADCFreq_Value,AHBFreq_Value,APB1Freq_Value,APB1TimFreq_Value,APB2Freq_Value,APB2TimFreq_Value,CortexFreq_Value,DFSDMFreq_Value,FCLKCortexFreq_Value,FamilyName,HCLKFreq_Value,HSE_VALUE,HSI_VALUE,I2C1Freq_Value,I2C2Freq_Value,I2C3Freq_Value,LCDFreq_Value,LPTIM1Freq_Value,LPTIM2Freq_Value,LPUART1Freq_Value,LSCOPinFreq_Value,LSI_VALUE,MCO1PinFreq_Value,MSI_VALUE,PLLN,PLLPoutputFreq_Value,PLLQoutputFreq_Value,PLLRCLKFreq_Value,PLLSAI1PoutputFreq_Value,PLLSAI1QoutputFreq_Value,PLLSAI1RoutputFreq_Value,PLLSAI2PoutputFreq_Value,PLLSAI2RoutputFreq_Value,PLLSourceVirtual,PWRFreq_Value,RNGFreq_Value,RTCClockSelection,RTCFreq_Value,SAI1Freq_Value,SAI2Freq_Value,SDMMCFreq_Value,SWPMI1Freq_Value,SYSCLKFreq_VALUE,SYSCLKSource,UART4Freq_Value,UART5Freq_Value,USART1Freq_Value,USART2Freq_Value,USART3Freq_Value,USBFreq_Value,VCOInputFreq_Value,VCOOutputFreq_Value,VCOSAI1OutputFreq_Value,VCOSAI2OutputFreq_Value
ProjectManager.AskForMigrate=true
Mcu.Name=STM32L476R(C-E-G)Tx
RCC.LPTIM2Freq_Value=80000000
PA2.Signal=USART2_TX
ProjectManager.UnderRoot=false
Mcu.IP8=SPI2
Mcu.IP9=SPI3
Mcu.IP6=RTC
Mcu.IP7=SPI1
ProjectManager.CoupleFile=false
PA13\ (JTMS-SWDIO).Mode=Serial_Wire
RCC.SYSCLKFreq_VALUE=80000000
Mcu.Pin22=VP_TIM16_VS_ClockSourceINT
Mcu.Pin23=VP_TIM17_VS_ClockSourceINT
Mcu.Pin20=VP_SYS_VS_Systick
ADC1.master=1
Mcu.Pin21=VP_TIM15_VS_ClockSourceINT
ADC2.NbrOfConversionFlag=1
RCC.PLLSAI2PoutputFreq_Value=18285714.285714287
NVIC.ForceEnableDMAVector=true
KeepUserPlacement=false
PC14-OSC32_IN\ (PC14).Signal=RCC_OSC32_IN
NVIC.MemoryManagement_IRQn=true\:0\:0\:false\:false\:true\:false\:false
ProjectManager.CompilerOptimize=6
VP_TIM15_VS_ClockSourceINT.Mode=Internal
ProjectManager.HeapSize=0x200
Mcu.Pin15=PC10
NVIC.HardFault_IRQn=true\:0\:0\:false\:false\:true\:false\:false
Mcu.Pin16=PC11
Mcu.Pin13=PA13 (JTMS-SWDIO)
Mcu.Pin14=PA14 (JTCK-SWCLK)
Mcu.Pin19=VP_RTC_VS_RTC_Activate
ProjectManager.ComputerToolchain=false
Mcu.Pin17=PC12
RCC.HSI_VALUE=16000000
Mcu.Pin18=VP_LPTIM1_VS_LPTIM_counterModeInternalClock
NVIC.PriorityGroup=NVIC_PRIORITYGROUP_4
ADC1.NbrOfConversionFlag=1
Mcu.Pin11=PB10
Mcu.Pin12=PB14
RCC.PLLN=10
Mcu.Pin10=PA7
PA2.Mode=Asynchronous
VP_LPTIM1_VS_LPTIM_counterModeInternalClock.Signal=LPTIM1_VS_LPTIM_counterModeInternalClock
RCC.PWRFreq_Value=80000000
RCC.I2C2Freq_Value=80000000
RCC.APB1Freq_Value=80000000
ADC3.NbrOfConversionFlag=1
ProjectManager.DeviceId=STM32L476RGTx
PC1.Signal=ADCx_IN2
ProjectManager.LibraryCopy=2
PA7.Signal=SPI1_MOSI
