#MicroXplorer Configuration settings - do not modify
ADC1.Channel-0\#ChannelRegularConversion=ADC_CHANNEL_8
ADC1.ContinuousConvMode=ENABLE
ADC1.EnableInjectedConversion=ENABLE
ADC1.IPParameters=Rank-0\#ChannelRegularConversion,Channel-0\#ChannelRegularConversion,SamplingTime-0\#ChannelRegularConversion,OffsetNumber-0\#ChannelRegularConversion,NbrOfConversionFlag,NbrOfConversion,master,ContinuousConvMode,Overrun,OversamplingMode,EnableInjectedConversion
ADC1.NbrOfConversion=1
ADC1.NbrOfConversionFlag=1
ADC1.OffsetNumber-0\#ChannelRegularConversion=ADC_OFFSET_NONE
ADC1.Overrun=ADC_OVR_DATA_OVERWRITTEN
ADC1.OversamplingMode=DISABLE
ADC1.Rank-0\#ChannelRegularConversion=1
ADC1.SamplingTime-0\#ChannelRegularConversion=ADC_SAMPLETIME_12CYCLES_5
ADC1.master=1
DFSDM1.DmaMode_reg_FIL0=ENABLE
DFSDM1.FastMode_reg_FIL0=ENABLE
DFSDM1.Filter_injChannel0_FIL0=__NULL
DFSDM1.Filter_regChannel_FIL0=DFSDM_CHANNEL_0
DFSDM1.Fosr_FIL0=192
DFSDM1.IPParameters=Filter_injChannel0_FIL0,Filter_regChannel_FIL0,Multiplexer_internal_CH0,FastMode_reg_FIL0,DmaMode_reg_FIL0,Fosr_FIL0,SincOrder_FIL0,RightBitShift_CH0
DFSDM1.Multiplexer_internal_CH0=DFSDM_CHANNEL_ADC_OUTPUT
DFSDM1.RightBitShift_CH0=7
DFSDM1.SincOrder_FIL0=DFSDM_FILTER_SINC2_ORDER
Dma.DFSDM1_FLT0.0.Direction=DMA_PERIPH_TO_MEMORY
Dma.DFSDM1_FLT0.0.EventEnable=DISABLE
Dma.DFSDM1_FLT0.0.Instance=DMA1_Channel4
Dma.DFSDM1_FLT0.0.MemDataAlignment=DMA_MDATAALIGN_WORD
Dma.DFSDM1_FLT0.0.MemInc=DMA_MINC_ENABLE
Dma.DFSDM1_FLT0.0.Mode=DMA_CIRCULAR
Dma.DFSDM1_FLT0.0.PeriphDataAlignment=DMA_PDATAALIGN_WORD
Dma.DFSDM1_FLT0.0.PeriphInc=DMA_PINC_DISABLE
Dma.DFSDM1_FLT0.0.Polarity=HAL_DMAMUX_REQUEST_GEN_RISING
Dma.DFSDM1_FLT0.0.Priority=DMA_PRIORITY_HIGH
Dma.DFSDM1_FLT0.0.RequestNumber=1
Dma.DFSDM1_FLT0.0.RequestParameters=Instance,Direction,PeriphInc,MemInc,PeriphDataAlignment,MemDataAlignment,Mode,Priority,SignalID,Polarity,RequestNumber,SyncSignalID,SyncPolarity,SyncEnable,EventEnable,SyncRequestNumber
Dma.DFSDM1_FLT0.0.SignalID=NONE
Dma.DFSDM1_FLT0.0.SyncEnable=DISABLE
Dma.DFSDM1_FLT0.0.SyncPolarity=HAL_DMAMUX_SYNC_NO_EVENT
Dma.DFSDM1_FLT0.0.SyncRequestNumber=1
Dma.DFSDM1_FLT0.0.SyncSignalID=NONE
Dma.Request0=DFSDM1_FLT0
Dma.RequestsNb=1
FATFS.BSP.number=1
FATFS.IPParameters=_USE_LFN,_FS_NORTC,USE_DMA_CODE_SD
FATFS.USE_DMA_CODE_SD=1
FATFS._FS_NORTC=0
FATFS._USE_LFN=3
FATFS0.BSP.STBoard=false
FATFS0.BSP.api=Unknown
FATFS0.BSP.component=
FATFS0.BSP.condition=
FATFS0.BSP.i2caddr=0
FATFS0.BSP.i2creg=
FATFS0.BSP.instance=PB12
FATFS0.BSP.ip=GPIO
FATFS0.BSP.mode=Input
FATFS0.BSP.name=Detect_SDIO
FATFS0.BSP.semaphore=
FATFS0.BSP.solution=PB12
File.Version=6
I2C1.I2C_Speed_Mode=I2C_Fast
I2C1.IPParameters=Timing,I2C_Speed_Mode
I2C1.Timing=0x00B03FDB
I2C3.I2C_Speed_Mode=I2C_Fast
I2C3.IPParameters=Timing,I2C_Speed_Mode
I2C3.Timing=0x00B03FDB
KeepUserPlacement=false
Mcu.Family=STM32L4
Mcu.IP0=ADC1
Mcu.IP1=DFSDM1
Mcu.IP10=SPI1
Mcu.IP11=SPI2
Mcu.IP12=SPI3
Mcu.IP13=SYS
Mcu.IP14=TIM2
Mcu.IP15=TIM6
Mcu.IP16=TIM7
Mcu.IP17=USART1
Mcu.IP18=USB_DEVICE
Mcu.IP19=USB_OTG_FS
Mcu.IP2=DMA
Mcu.IP3=FATFS
Mcu.IP4=I2C1
Mcu.IP5=I2C3
Mcu.IP6=NVIC
Mcu.IP7=RCC
Mcu.IP8=RTC
Mcu.IP9=SDMMC1
Mcu.IPNb=20
Mcu.Name=STM32L4R9Z(G-I)Jx
Mcu.Package=UFBGA144
Mcu.Pin0=PB9
Mcu.Pin1=PB4 (NJTRST)
Mcu.Pin10=PA15 (JTDI)
Mcu.Pin11=PA12
Mcu.Pin12=PA11
Mcu.Pin13=PE5
Mcu.Pin14=PB7
Mcu.Pin15=PC10
Mcu.Pin16=PA10
Mcu.Pin17=PC9
Mcu.Pin18=PC14-OSC32_IN (PC14)
Mcu.Pin19=PC15-OSC32_OUT (PC15)
Mcu.Pin2=PD3
Mcu.Pin20=PE4
Mcu.Pin21=PE6
Mcu.Pin22=PB6
Mcu.Pin23=PD5
Mcu.Pin24=PD2
Mcu.Pin25=PC12
Mcu.Pin26=PA9
Mcu.Pin27=PC6
Mcu.Pin28=PF2
Mcu.Pin29=PF0
Mcu.Pin3=PC11
Mcu.Pin30=PG10
Mcu.Pin31=PG8
Mcu.Pin32=PC7
Mcu.Pin33=PC8
Mcu.Pin34=PG7
Mcu.Pin35=PF7
Mcu.Pin36=PG3
Mcu.Pin37=PG4
Mcu.Pin38=PD15
Mcu.Pin39=PD14
Mcu.Pin4=PE3
Mcu.Pin40=PD13
Mcu.Pin41=PH0-OSC_IN (PH0)
Mcu.Pin42=PH1-OSC_OUT (PH1)
Mcu.Pin43=PE11
Mcu.Pin44=PC3
Mcu.Pin45=PE13
Mcu.Pin46=PB15
Mcu.Pin47=PC5
Mcu.Pin48=PE15
Mcu.Pin49=PA2
Mcu.Pin5=PB8
Mcu.Pin50=PC4
Mcu.Pin51=PE10
Mcu.Pin52=PB12
Mcu.Pin53=PA3
Mcu.Pin54=PG1
Mcu.Pin55=PE12
Mcu.Pin56=PE14
Mcu.Pin57=VP_DFSDM1_VS_IN0
Mcu.Pin58=VP_FATFS_VS_SDIO
Mcu.Pin59=VP_RTC_VS_RTC_Activate
Mcu.Pin6=PB5
Mcu.Pin60=VP_RTC_VS_RTC_Calendar
Mcu.Pin61=VP_SYS_VS_Systick
Mcu.Pin62=VP_TIM2_VS_ClockSourceINT
Mcu.Pin63=VP_TIM6_VS_ClockSourceINT
Mcu.Pin64=VP_TIM7_VS_ClockSourceINT
Mcu.Pin65=VP_USB_DEVICE_VS_USB_DEVICE_CDC_FS
Mcu.Pin7=PB3 (JTDO/TRACESWO)
Mcu.Pin8=PD6
Mcu.Pin9=PD1
Mcu.PinsNb=66
Mcu.ThirdPartyNb=0
Mcu.UserConstants=
Mcu.UserName=STM32L4R9ZIJx
MxCube.Version=6.1.1
MxDb.Version=DB.6.0.10
NVIC.BusFault_IRQn=true\:0\:0\:false\:false\:true\:false\:false
NVIC.DMA1_Channel4_IRQn=true\:0\:0\:false\:false\:true\:false\:true
NVIC.DebugMonitor_IRQn=true\:0\:0\:false\:false\:true\:false\:false
NVIC.ForceEnableDMAVector=true
NVIC.HardFault_IRQn=true\:0\:0\:false\:false\:true\:false\:false
NVIC.MemoryManagement_IRQn=true\:0\:0\:false\:false\:true\:false\:false
NVIC.NonMaskableInt_IRQn=true\:0\:0\:false\:false\:true\:false\:false
NVIC.OTG_FS_IRQn=true\:0\:0\:false\:false\:true\:false\:true
NVIC.PendSV_IRQn=true\:0\:0\:false\:false\:true\:false\:false
NVIC.PriorityGroup=NVIC_PRIORITYGROUP_4
NVIC.SDMMC1_IRQn=true\:0\:0\:false\:false\:true\:true\:true
NVIC.SVCall_IRQn=true\:0\:0\:false\:false\:true\:false\:false
NVIC.SysTick_IRQn=true\:0\:0\:false\:false\:true\:false\:true
NVIC.TIM6_DAC_IRQn=true\:0\:0\:false\:false\:true\:true\:true
NVIC.UsageFault_IRQn=true\:0\:0\:false\:false\:true\:false\:false
PA10.Mode=Asynchronous
PA10.Signal=USART1_RX
PA11.GPIOParameters=GPIO_Label
PA11.GPIO_Label=USB OTG DM
PA11.Locked=true
PA11.Mode=Device_Only
PA11.Signal=USB_OTG_FS_DM
PA12.GPIOParameters=GPIO_Label
PA12.GPIO_Label=USB OTG DP
PA12.Locked=true
PA12.Mode=Device_Only
PA12.Signal=USB_OTG_FS_DP
PA15\ (JTDI).GPIOParameters=GPIO_Speed,PinState,GPIO_Label,GPIO_ModeDefaultOutputPP
PA15\ (JTDI).GPIO_Label=CS_LIS2MDL
PA15\ (JTDI).GPIO_ModeDefaultOutputPP=GPIO_MODE_OUTPUT_OD
PA15\ (JTDI).GPIO_Speed=GPIO_SPEED_FREQ_VERY_HIGH
PA15\ (JTDI).Locked=true
PA15\ (JTDI).PinState=GPIO_PIN_SET
PA15\ (JTDI).Signal=GPIO_Output
PA2.GPIOParameters=GPIO_Label
PA2.GPIO_Label=INT1_LSM6DSOX
PA2.Locked=true
PA2.Signal=GPXTI2
PA3.GPIOParameters=GPIO_Label
PA3.GPIO_Label=ADC1_IN8 [MICROPHONE]
PA3.Locked=true
PA3.Signal=ADCx_IN8
PA9.Mode=Asynchronous
PA9.Signal=USART1_TX
PB12.GPIOParameters=GPIO_Label
PB12.GPIO_Label=SD_DETECT
PB12.Locked=true
PB12.Signal=GPIO_Input
PB15.GPIOParameters=GPIO_Label
PB15.GPIO_Label=CPU_LED
PB15.Locked=true
PB15.Signal=GPIO_Output
PB3\ (JTDO/TRACESWO).GPIOParameters=GPIO_PuPd,GPIO_Label
PB3\ (JTDO/TRACESWO).GPIO_Label=SPI3_SCK [SENSORS]
PB3\ (JTDO/TRACESWO).GPIO_PuPd=GPIO_PULLUP
PB3\ (JTDO/TRACESWO).Locked=true
PB3\ (JTDO/TRACESWO).Mode=Full_Duplex_Master
PB3\ (JTDO/TRACESWO).Signal=SPI3_SCK
PB4\ (NJTRST).GPIOParameters=GPIO_Label
PB4\ (NJTRST).GPIO_Label=SPI3_MISO [SENSORS]
PB4\ (NJTRST).Locked=true
PB4\ (NJTRST).Mode=Full_Duplex_Master
PB4\ (NJTRST).Signal=SPI3_MISO
PB5.GPIOParameters=GPIO_Label
PB5.GPIO_Label=SPI3_MOSI [SENSORS]
PB5.Locked=true
PB5.Mode=Full_Duplex_Master
PB5.Signal=SPI3_MOSI
PB6.GPIOParameters=GPIO_Label
PB6.GPIO_Label=I2C1_SCL [ENV SENSORS]
PB6.Locked=true
PB6.Mode=I2C
PB6.Signal=I2C1_SCL
PB7.GPIOParameters=GPIO_Label
PB7.GPIO_Label=I2C1_SDA [ENV SENSORS]
PB7.Locked=true
PB7.Mode=I2C
PB7.Signal=I2C1_SDA
PB8.GPIOParameters=GPIO_Label
PB8.GPIO_Label=SDMMC1_CKIN
PB8.Locked=true
PB8.Mode=SD_4_bits_Wide_bus_dir_voltage_converter
PB8.Signal=SDMMC1_CKIN
PB9.GPIOParameters=GPIO_Label
PB9.GPIO_Label=SDMMC1_CDIR
PB9.Locked=true
PB9.Mode=SD_4_bits_Wide_bus_dir_voltage_converter
PB9.Signal=SDMMC1_CDIR
PC10.GPIOParameters=GPIO_Label
PC10.GPIO_Label=SDMMC1_D2
PC10.Locked=true
PC10.Mode=SD_4_bits_Wide_bus_dir_voltage_converter
PC10.Signal=SDMMC1_D2
PC11.GPIOParameters=GPIO_Label
PC11.GPIO_Label=SDMMC1_D3
PC11.Locked=true
PC11.Mode=SD_4_bits_Wide_bus_dir_voltage_converter
PC11.Signal=SDMMC1_D3
PC12.GPIOParameters=GPIO_Label
PC12.GPIO_Label=SDMMC1_CK
PC12.Locked=true
PC12.Mode=SD_4_bits_Wide_bus_dir_voltage_converter
PC12.Signal=SDMMC1_CK
PC14-OSC32_IN\ (PC14).GPIOParameters=GPIO_Label
PC14-OSC32_IN\ (PC14).GPIO_Label=RCC_OSC32_IN
PC14-OSC32_IN\ (PC14).Locked=true
PC14-OSC32_IN\ (PC14).Mode=LSE-External-Oscillator
PC14-OSC32_IN\ (PC14).Signal=RCC_OSC32_IN
PC15-OSC32_OUT\ (PC15).GPIOParameters=GPIO_Label
PC15-OSC32_OUT\ (PC15).GPIO_Label=RCC-OSC32_OUT
PC15-OSC32_OUT\ (PC15).Locked=true
PC15-OSC32_OUT\ (PC15).Mode=LSE-External-Oscillator
PC15-OSC32_OUT\ (PC15).Signal=RCC_OSC32_OUT
PC3.GPIOParameters=GPIO_Label
PC3.GPIO_Label=SPI2_MOSI [BLE]
PC3.Locked=true
PC3.Mode=Full_Duplex_Master
PC3.Signal=SPI2_MOSI
PC4.GPIOParameters=GPIO_Label
PC4.GPIO_Label=AN_VBATT
PC4.Locked=true
PC4.Signal=ADCx_IN13
PC5.GPIOParameters=GPIO_Label
PC5.GPIO_Label=INT1_LIS2DW12
PC5.Locked=true
PC5.Signal=GPXTI5
PC6.GPIOParameters=GPIO_Label
PC6.GPIO_Label=SDMMC1_D0DIR
PC6.Locked=true
PC6.Mode=SD_4_bits_Wide_bus_dir_voltage_converter
PC6.Signal=SDMMC1_D0DIR
PC7.GPIOParameters=GPIO_Label
PC7.GPIO_Label=SDMMC1_D123DIR
PC7.Locked=true
PC7.Mode=SD_4_bits_Wide_bus_dir_voltage_converter
PC7.Signal=SDMMC1_D123DIR
PC8.GPIOParameters=GPIO_Label
PC8.GPIO_Label=SDMMC1_D0
PC8.Locked=true
PC8.Mode=SD_4_bits_Wide_bus_dir_voltage_converter
PC8.Signal=SDMMC1_D0
PC9.GPIOParameters=GPIO_Label
PC9.GPIO_Label=SDMMC1_D1
PC9.Locked=true
PC9.Mode=SD_4_bits_Wide_bus_dir_voltage_converter
PC9.Signal=SDMMC1_D1
PD1.GPIOParameters=GPIO_Label
PD1.GPIO_Label=SPI2_SCK [BLE]
PD1.Locked=true
PD1.Mode=Full_Duplex_Master
PD1.Signal=SPI2_SCK
PD13.GPIOParameters=GPIO_Label
PD13.GPIO_Label=INT_HTS221
PD13.Locked=true
PD13.Signal=GPXTI13
PD14.GPIOParameters=GPIO_Label
PD14.GPIO_Label=INT2_LIS2DW12
PD14.Locked=true
PD14.Signal=GPXTI14
PD15.GPIOParameters=GPIO_Label
PD15.GPIO_Label=INT_LPS22HH
PD15.Locked=true
PD15.Signal=GPXTI15
PD2.GPIOParameters=GPIO_Label
PD2.GPIO_Label=SDMMC1_CMD
PD2.Locked=true
PD2.Mode=SD_4_bits_Wide_bus_dir_voltage_converter
PD2.Signal=SDMMC1_CMD
PD3.GPIOParameters=GPIO_Label
PD3.GPIO_Label=SPI2_MISO [BLE]
PD3.Locked=true
PD3.Mode=Full_Duplex_Master
PD3.Signal=SPI2_MISO
PD5.GPIOParameters=GPIO_Label
PD5.GPIO_Label=USART2_TX [SERIAL PORT]
PD5.Locked=true
PD5.Signal=USART2_TX
PD6.GPIOParameters=GPIO_Label
PD6.GPIO_Label=USART2_RX [SERIAL PORT]
PD6.Locked=true
PD6.Signal=USART2_RX
PE10.GPIOParameters=GPIO_Speed,PinState,GPIO_Label,GPIO_ModeDefaultOutputPP
PE10.GPIO_Label=CS_IIS3DHHC
PE10.GPIO_ModeDefaultOutputPP=GPIO_MODE_OUTPUT_OD
PE10.GPIO_Speed=GPIO_SPEED_FREQ_VERY_HIGH
PE10.Locked=true
PE10.PinState=GPIO_PIN_SET
PE10.Signal=GPIO_Output
PE11.GPIOParameters=GPIO_Speed,PinState,GPIO_Label,GPIO_ModeDefaultOutputPP
PE11.GPIO_Label=CS_LIS2DW12
PE11.GPIO_ModeDefaultOutputPP=GPIO_MODE_OUTPUT_OD
PE11.GPIO_Speed=GPIO_SPEED_FREQ_VERY_HIGH
PE11.Locked=true
PE11.PinState=GPIO_PIN_SET
PE11.Signal=GPIO_Output
PE12.GPIOParameters=GPIO_Speed,PinState,GPIO_Label,GPIO_ModeDefaultOutputPP
PE12.GPIO_Label=CS_LSM6DSOX
PE12.GPIO_ModeDefaultOutputPP=GPIO_MODE_OUTPUT_OD
PE12.GPIO_Speed=GPIO_SPEED_FREQ_VERY_HIGH
PE12.Locked=true
PE12.PinState=GPIO_PIN_SET
PE12.Signal=GPIO_Output
PE13.GPIOParameters=GPIO_PuPd,GPIO_Label
PE13.GPIO_Label=SPI2_SCK [BLE]
PE13.GPIO_PuPd=GPIO_PULLUP
PE13.Locked=true
PE13.Mode=Full_Duplex_Master
PE13.Signal=SPI1_SCK
PE14.Locked=true
PE14.Mode=Full_Duplex_Master
PE14.Signal=SPI1_MISO
PE15.GPIOParameters=GPIO_Label
PE15.GPIO_Label=SPI1_MOSI [SENSORS]
PE15.Locked=true
PE15.Mode=Full_Duplex_Master
PE15.Signal=SPI1_MOSI
PE3.GPIOParameters=GPIO_Label
PE3.GPIO_Label=INT2_LSM6DSOX
PE3.Locked=true
PE3.Signal=GPXTI3
PE4.GPIOParameters=PinState,GPIO_Label
PE4.GPIO_Label=SD_EN
PE4.Locked=true
PE4.PinState=GPIO_PIN_SET
PE4.Signal=GPIO_Output
PE5.GPIOParameters=PinState,GPIO_Label
PE5.GPIO_Label=SD_SEL
PE5.Locked=true
PE5.PinState=GPIO_PIN_SET
PE5.Signal=GPIO_Output
PE6.GPIOParameters=GPIO_Label
PE6.GPIO_Label=INT2_IIS3DHHC
PE6.Locked=true
PE6.Signal=GPXTI6
PF0.GPIOParameters=PinState,GPIO_Label
PF0.GPIO_Label=BB_MODE
PF0.Locked=true
PF0.PinState=GPIO_PIN_RESET
PF0.Signal=GPIO_Output
PF2.GPIOParameters=GPIO_Label,GPIO_ModeDefaultOutputPP
PF2.GPIO_Label=USER_LED
PF2.GPIO_ModeDefaultOutputPP=GPIO_MODE_OUTPUT_PP
PF2.Locked=true
PF2.Signal=GPIO_Output
PF7.GPIOParameters=PinState,GPIO_Label
PF7.GPIO_Label=LDO_2V7_EN
PF7.Locked=true
PF7.PinState=GPIO_PIN_SET
PF7.Signal=GPIO_Output
PG1.GPIOParameters=GPIO_Label,GPIO_ModeDefaultEXTI
PG1.GPIO_Label=USER_PB1
PG1.GPIO_ModeDefaultEXTI=GPIO_MODE_IT_FALLING
PG1.Locked=true
PG1.Signal=GPXTI1
PG10.GPIOParameters=PinState,GPIO_Label
PG10.GPIO_Label=CHG_LED2
PG10.Locked=true
PG10.PinState=GPIO_PIN_SET
PG10.Signal=GPIO_Output
PG3.GPIOParameters=GPIO_Label
PG3.GPIO_Label=CHG_LED
PG3.Locked=true
PG3.Signal=GPIO_Input
PG4.GPIOParameters=GPIO_Label
PG4.GPIO_Label=SW_SEL
PG4.Locked=true
PG4.Signal=GPIO_Output
PG7.GPIOParameters=GPIO_Label
PG7.GPIO_Label=I2C3_SCL [TEMPERATURE]
PG7.Locked=true
PG7.Mode=I2C
PG7.Signal=I2C3_SCL
PG8.GPIOParameters=GPIO_Label
PG8.GPIO_Label=I2C3_SDA [TEMPERATURE]
PG8.Locked=true
PG8.Mode=I2C
PG8.Signal=I2C3_SDA
PH0-OSC_IN\ (PH0).GPIOParameters=GPIO_Label
PH0-OSC_IN\ (PH0).GPIO_Label=RCC_OSC_IN
PH0-OSC_IN\ (PH0).Locked=true
PH0-OSC_IN\ (PH0).Mode=HSE-External-Oscillator
PH0-OSC_IN\ (PH0).Signal=RCC_OSC_IN
PH1-OSC_OUT\ (PH1).GPIOParameters=GPIO_Label
PH1-OSC_OUT\ (PH1).GPIO_Label=RCC_OSC_OUT
PH1-OSC_OUT\ (PH1).Locked=true
PH1-OSC_OUT\ (PH1).Mode=HSE-External-Oscillator
PH1-OSC_OUT\ (PH1).Signal=RCC_OSC_OUT
PinOutPanel.CurrentBGAView=Top
PinOutPanel.RotationAngle=0
ProjectManager.AskForMigrate=true
ProjectManager.BackupPrevious=false
ProjectManager.CompilerOptimize=6
ProjectManager.ComputerToolchain=false
ProjectManager.CoupleFile=true
ProjectManager.CustomerFirmwarePackage=
ProjectManager.DefaultFWLocation=true
ProjectManager.DeletePrevious=true
ProjectManager.DeviceId=STM32L4R9ZIJx
ProjectManager.FirmwarePackage=STM32Cube FW_L4 V1.16.0
ProjectManager.FreePins=false
ProjectManager.HalAssertFull=false
ProjectManager.HeapSize=0x200
ProjectManager.KeepUserCode=true
ProjectManager.LastFirmware=true
ProjectManager.LibraryCopy=1
ProjectManager.MainLocation=Core/Src
ProjectManager.NoMain=false
ProjectManager.PreviousToolchain=
ProjectManager.ProjectBuild=false
ProjectManager.ProjectFileName=CubeMX_Config.ioc
ProjectManager.ProjectName=CubeMX_Config
ProjectManager.RegisterCallBack=
ProjectManager.StackSize=0x400
ProjectManager.TargetToolchain=MDK-ARM V5
ProjectManager.ToolChainLocation=
ProjectManager.UnderRoot=false
ProjectManager.functionlistsort=1-MX_GPIO_Init-GPIO-false-HAL-true,2-MX_DMA_Init-DMA-false-HAL-true,3-SystemClock_Config-RCC-false-HAL-false,4-MX_ADC1_Init-ADC1-false-HAL-true,5-MX_DFSDM1_Init-DFSDM1-false-HAL-true,6-MX_I2C1_Init-I2C1-false-HAL-true,7-MX_I2C3_Init-I2C3-false-HAL-true,8-MX_RTC_Init-RTC-false-HAL-true,9-MX_SDMMC1_SD_Init-SDMMC1-false-HAL-true,10-MX_SPI1_Init-SPI1-false-HAL-true,11-MX_SPI2_Init-SPI2-false-HAL-true,12-MX_SPI3_Init-SPI3-false-HAL-true,13-MX_TIM2_Init-TIM2-false-HAL-true,14-MX_TIM6_Init-TIM6-false-HAL-true,15-MX_TIM7_Init-TIM7-false-HAL-true,16-MX_FATFS_Init-FATFS-false-HAL-false,17-MX_USB_DEVICE_Init-USB_DEVICE-false-HAL-false,18-MX_USART1_UART_Init-USART1-false-HAL-true
RCC.ADCFreq_Value=76800000
RCC.AHBFreq_Value=120000000
RCC.APB1Freq_Value=120000000
RCC.APB1TimFreq_Value=120000000
RCC.APB2Freq_Value=120000000
RCC.APB2TimFreq_Value=120000000
RCC.CK48CLockSelection=RCC_USBCLKSOURCE_HSI48
RCC.CRSFreq_Value=48000000
RCC.CortexFreq_Value=120000000
RCC.DFSDMFreq_Value=120000000
RCC.DSIFreq_Value=40000000
RCC.DSIRXEscFreq_Value=40000000
RCC.DSITXEscFreq_Value=10000000
RCC.FCLKCortexFreq_Value=120000000
RCC.FamilyName=M
RCC.HCLKFreq_Value=120000000
RCC.HSE_VALUE=16000000
RCC.HSI48_VALUE=48000000
RCC.HSI_VALUE=16000000
RCC.I2C1Freq_Value=120000000
RCC.I2C2Freq_Value=120000000
RCC.I2C3Freq_Value=120000000
RCC.I2C4Freq_Value=120000000
RCC.IPParameters=ADCFreq_Value,AHBFreq_Value,APB1Freq_Value,APB1TimFreq_Value,APB2Freq_Value,APB2TimFreq_Value,CK48CLockSelection,CRSFreq_Value,CortexFreq_Value,DFSDMFreq_Value,DSIFreq_Value,DSIRXEscFreq_Value,DSITXEscFreq_Value,FCLKCortexFreq_Value,FamilyName,HCLKFreq_Value,HSE_VALUE,HSI48_VALUE,HSI_VALUE,I2C1Freq_Value,I2C2Freq_Value,I2C3Freq_Value,I2C4Freq_Value,LCDTFTFreq_Value,LPTIM1Freq_Value,LPTIM2Freq_Value,LPUART1Freq_Value,LSCOPinFreq_Value,LSI_VALUE,MCO1PinFreq_Value,MSI_VALUE,OCTOSPIMFreq_Value,PLLDSIFreq_Value,PLLDSIVCOFreq_Value,PLLM1,PLLM2,PLLN,PLLP,PLLPoutputFreq_Value,PLLQoutputFreq_Value,PLLRCLKFreq_Value,PLLSAI1N,PLLSAI1PoutputFreq_Value,PLLSAI1Q,PLLSAI1QoutputFreq_Value,PLLSAI1R,PLLSAI1RoutputFreq_Value,PLLSAI2PoutputFreq_Value,PLLSAI2QoutputFreq_Value,PLLSAI2RoutputFreq_Value,PLLSourceVirtual,PWRFreq_Value,RNGFreq_Value,RTCClockSelection,RTCFreq_Value,SAI1Freq_Value,SAI2Freq_Value,SDMMCFreq_Value,SYSCLKFreq_VALUE,SYSCLKSource,UART4Freq_Value,UART5Freq_Value,USART1Freq_Value,USART2Freq_Value,USART3Freq_Value,USBFreq_Value,VCOInput2Freq_Value,VCOInput3Freq_Value,VCOInputFreq_Value,VCOOutputFreq_Value,VCOSAI1OutputFreq_Value,VCOSAI2OutputFreq_Value
RCC.LCDTFTFreq_Value=32000000
RCC.LPTIM1Freq_Value=120000000
RCC.LPTIM2Freq_Value=120000000
RCC.LPUART1Freq_Value=120000000
RCC.LSCOPinFreq_Value=32000
RCC.LSI_VALUE=32000
RCC.MCO1PinFreq_Value=120000000
RCC.MSI_VALUE=4000000
RCC.OCTOSPIMFreq_Value=120000000
RCC.PLLDSIFreq_Value=320000000
RCC.PLLDSIVCOFreq_Value=640000000
RCC.PLLM1=4
RCC.PLLM2=5
RCC.PLLN=60
RCC.PLLP=RCC_PLLP_DIV5
RCC.PLLPoutputFreq_Value=48000000
RCC.PLLQoutputFreq_Value=120000000
RCC.PLLRCLKFreq_Value=120000000
RCC.PLLSAI1N=96
RCC.PLLSAI1PoutputFreq_Value=153600000
RCC.PLLSAI1Q=RCC_PLLQ_DIV4
RCC.PLLSAI1QoutputFreq_Value=76800000
RCC.PLLSAI1R=RCC_PLLR_DIV4
RCC.PLLSAI1RoutputFreq_Value=76800000
RCC.PLLSAI2PoutputFreq_Value=64000000
RCC.PLLSAI2QoutputFreq_Value=64000000
RCC.PLLSAI2RoutputFreq_Value=64000000
RCC.PLLSourceVirtual=RCC_PLLSOURCE_HSE
RCC.PWRFreq_Value=120000000
RCC.RNGFreq_Value=48000000
RCC.RTCClockSelection=RCC_RTCCLKSOURCE_LSE
RCC.RTCFreq_Value=32768
RCC.SAI1Freq_Value=153600000
RCC.SAI2Freq_Value=153600000
RCC.SDMMCFreq_Value=48000000
RCC.SYSCLKFreq_VALUE=120000000
RCC.SYSCLKSource=RCC_SYSCLKSOURCE_PLLCLK
RCC.UART4Freq_Value=120000000
RCC.UART5Freq_Value=120000000
RCC.USART1Freq_Value=120000000
RCC.USART2Freq_Value=120000000
RCC.USART3Freq_Value=120000000
RCC.USBFreq_Value=48000000
RCC.VCOInput2Freq_Value=3200000
RCC.VCOInput3Freq_Value=16000000
RCC.VCOInputFreq_Value=4000000
RCC.VCOOutputFreq_Value=240000000
RCC.VCOSAI1OutputFreq_Value=307200000
RCC.VCOSAI2OutputFreq_Value=128000000
RTC.Date=3
RTC.Format=RTC_FORMAT_BIN
RTC.IPParameters=Format,WeekDay,Month,Date,Year
RTC.IPParametersWithoutCheck=Year
RTC.Month=RTC_MONTH_APRIL
RTC.WeekDay=RTC_WEEKDAY_TUESDAY
RTC.Year=20
SH.ADCx_IN13.0=ADC1_IN13,IN13-Single-Ended
SH.ADCx_IN13.ConfNb=1
SH.ADCx_IN8.0=ADC1_IN8,IN8-Single-Ended
SH.ADCx_IN8.ConfNb=1
SH.GPXTI1.0=GPIO_EXTI1
SH.GPXTI1.ConfNb=1
SH.GPXTI13.0=GPIO_EXTI13
SH.GPXTI13.ConfNb=1
SH.GPXTI14.0=GPIO_EXTI14
SH.GPXTI14.ConfNb=1
SH.GPXTI15.0=GPIO_EXTI15
SH.GPXTI15.ConfNb=1
SH.GPXTI2.0=GPIO_EXTI2
SH.GPXTI2.ConfNb=1
SH.GPXTI3.0=GPIO_EXTI3
SH.GPXTI3.ConfNb=1
SH.GPXTI5.0=GPIO_EXTI5
SH.GPXTI5.ConfNb=1
SH.GPXTI6.0=GPIO_EXTI6
SH.GPXTI6.ConfNb=1
SPI1.BaudRatePrescaler=SPI_BAUDRATEPRESCALER_16
SPI1.CLKPhase=SPI_PHASE_2EDGE
SPI1.CLKPolarity=SPI_POLARITY_HIGH
SPI1.CalculateBaudRate=7.5 MBits/s
SPI1.DataSize=SPI_DATASIZE_8BIT
SPI1.Direction=SPI_DIRECTION_2LINES
SPI1.IPParameters=VirtualType,Mode,Direction,BaudRatePrescaler,CalculateBaudRate,DataSize,CLKPolarity,CLKPhase
SPI1.Mode=SPI_MODE_MASTER
SPI1.VirtualType=VM_MASTER
SPI2.BaudRatePrescaler=SPI_BAUDRATEPRESCALER_128
SPI2.CLKPhase=SPI_PHASE_2EDGE
SPI2.CalculateBaudRate=937.5 KBits/s
SPI2.DataSize=SPI_DATASIZE_8BIT
SPI2.Direction=SPI_DIRECTION_2LINES
SPI2.IPParameters=VirtualType,Mode,Direction,BaudRatePrescaler,CalculateBaudRate,DataSize,CLKPhase
SPI2.Mode=SPI_MODE_MASTER
SPI2.VirtualType=VM_MASTER
SPI3.BaudRatePrescaler=SPI_BAUDRATEPRESCALER_16
SPI3.CLKPhase=SPI_PHASE_2EDGE
SPI3.CLKPolarity=SPI_POLARITY_HIGH
SPI3.CalculateBaudRate=7.5 MBits/s
SPI3.DataSize=SPI_DATASIZE_8BIT
SPI3.Direction=SPI_DIRECTION_2LINES
SPI3.IPParameters=VirtualType,Mode,Direction,BaudRatePrescaler,CalculateBaudRate,DataSize,CLKPolarity,CLKPhase
SPI3.Mode=SPI_MODE_MASTER
SPI3.VirtualType=VM_MASTER
TIM2.IPParameters=Prescaler,Period
TIM2.Period=0xFFFFFFFF
TIM2.Prescaler=119
TIM6.IPParameters=Prescaler,Period
TIM6.Period=1000
TIM6.Prescaler=119
TIM7.IPParameters=Prescaler,Period
TIM7.Period=0xFFFF
TIM7.Prescaler=119
USART1.IPParameters=VirtualMode-Asynchronous
USART1.VirtualMode-Asynchronous=VM_ASYNC
USB_DEVICE.CLASS_NAME_FS=CDC
USB_DEVICE.IPParameters=VirtualMode,VirtualModeFS,CLASS_NAME_FS
USB_DEVICE.VirtualMode=Cdc
USB_DEVICE.VirtualModeFS=Cdc_FS
USB_OTG_FS.IPParameters=VirtualMode,battery_charging_enable,use_dedicated_ep1
USB_OTG_FS.VirtualMode=Device_Only
USB_OTG_FS.battery_charging_enable=ENABLE
USB_OTG_FS.use_dedicated_ep1=DISABLE
VP_DFSDM1_VS_IN0.Mode=Parallel_Input_ch0
VP_DFSDM1_VS_IN0.Signal=DFSDM1_VS_IN0
VP_FATFS_VS_SDIO.Mode=SDIO
VP_FATFS_VS_SDIO.Signal=FATFS_VS_SDIO
VP_RTC_VS_RTC_Activate.Mode=RTC_Enabled
VP_RTC_VS_RTC_Activate.Signal=RTC_VS_RTC_Activate
VP_RTC_VS_RTC_Calendar.Mode=RTC_Calendar
VP_RTC_VS_RTC_Calendar.Signal=RTC_VS_RTC_Calendar
VP_SYS_VS_Systick.Mode=SysTick
VP_SYS_VS_Systick.Signal=SYS_VS_Systick
VP_TIM2_VS_ClockSourceINT.Mode=Internal
VP_TIM2_VS_ClockSourceINT.Signal=TIM2_VS_ClockSourceINT
VP_TIM6_VS_ClockSourceINT.Mode=Enable_Timer
VP_TIM6_VS_ClockSourceINT.Signal=TIM6_VS_ClockSourceINT
VP_TIM7_VS_ClockSourceINT.Mode=Enable_Timer
VP_TIM7_VS_ClockSourceINT.Signal=TIM7_VS_ClockSourceINT
VP_USB_DEVICE_VS_USB_DEVICE_CDC_FS.Mode=CDC_FS
VP_USB_DEVICE_VS_USB_DEVICE_CDC_FS.Signal=USB_DEVICE_VS_USB_DEVICE_CDC_FS
board=STEVAL-MKSBOX1V1
boardIOC=true
