#MicroXplorer Configuration settings - do not modify
Appli.IPs=CORTEX_M7_APPLI\:I,GPDMA1\:I,HPDMA1\:I,LINKEDLIST\:I,RCC\:I,GPIO,NVIC2\:I,FLASH,USB_OTG_HS,GFXTIM,USART1,XSPI1,XSPI2,FDCAN1,ETH,SDMMC1,UART7
Boot.IPs=CORTEX_M7_BOOT\:I,GPDMA1,HPDMA1,LINKEDLIST,RCC,GPIO,NVIC1\:I,MEMORYMAP\:I,USB_OTG_HS
CAD.formats=
CAD.pinconfig=
CAD.provider=
CORTEX_M7_APPLI.IPParameters=default_mode_Activation
CORTEX_M7_APPLI.default_mode_Activation=1
CORTEX_M7_BOOT.IPParameters=default_mode_Activation
CORTEX_M7_BOOT.default_mode_Activation=1
ETH.IPParameters=MediaInterface,TxDescAddress,RxBufferAddress
ETH.MediaInterface=HAL_ETH_RMII_MODE
ETH.RxBufferAddress=0x24020200
ETH.TxDescAddress=0x24020080
ExtMemLoader.IPs=EXTMEM_LOADER\:I,EXTMEM_MANAGER\:I,GPIO\:I
FDCAN1.CalculateBaudRateNominal=2000000
FDCAN1.CalculateTimeBitNominal=500
FDCAN1.CalculateTimeQuantumNominal=20.0
FDCAN1.ClockDivider=FDCAN_CLOCK_DIV6
FDCAN1.FrameFormat=FDCAN_FRAME_CLASSIC
FDCAN1.IPParameters=CalculateTimeQuantumNominal,CalculateTimeBitNominal,CalculateBaudRateNominal,NominalPrescaler,NominalTimeSeg1,NominalTimeSeg2,FrameFormat,ClockDivider
FDCAN1.NominalPrescaler=2
FDCAN1.NominalTimeSeg1=19
FDCAN1.NominalTimeSeg2=5
File.Version=6
GPIO.groupedBy=Group By Peripherals
KeepUserPlacement=false
MMTAppReg1.MEMORYMAP.AppRegionName=DTCM
MMTAppReg1.MEMORYMAP.ContextName=Boot
MMTAppReg1.MEMORYMAP.CoreName=ARM Cortex-M7
MMTAppReg1.MEMORYMAP.DefaultDataRegion=true
MMTAppReg1.MEMORYMAP.IPParameters=StartAddress,Size,CoreName,DefaultDataRegion,ContextName,Name
MMTAppReg1.MEMORYMAP.Name=DTCM
MMTAppReg1.MEMORYMAP.Size=65536
MMTAppReg1.MEMORYMAP.StartAddress=0x20000000
MMTAppReg2.MEMORYMAP.AppRegionName=RAM
MMTAppReg2.MEMORYMAP.ContextName=Boot
MMTAppReg2.MEMORYMAP.CoreName=ARM Cortex-M7
MMTAppReg2.MEMORYMAP.DefaultDataRegion=true
MMTAppReg2.MEMORYMAP.IPParameters=StartAddress,Size,CoreName,DefaultDataRegion,ContextName,Name
MMTAppReg2.MEMORYMAP.Name=RAM
MMTAppReg2.MEMORYMAP.Size=465920
MMTAppReg2.MEMORYMAP.StartAddress=0x24000000
MMTAppReg3.MEMORYMAP.AppRegionName=ITCM
MMTAppReg3.MEMORYMAP.Cacheability=WTRA
MMTAppReg3.MEMORYMAP.ContextName=Boot
MMTAppReg3.MEMORYMAP.CoreName=ARM Cortex-M7
MMTAppReg3.MEMORYMAP.DefaultDataRegion=false
MMTAppReg3.MEMORYMAP.IPParameters=StartAddress,Size,CoreName,DefaultDataRegion,ContextName,Name,Cacheability
MMTAppReg3.MEMORYMAP.Name=ITCM
MMTAppReg3.MEMORYMAP.Size=65536
MMTAppReg3.MEMORYMAP.StartAddress=0x00000000
MMTAppReg4.MEMORYMAP.AP=RO_priv_only
MMTAppReg4.MEMORYMAP.AppRegionName=FLASH
MMTAppReg4.MEMORYMAP.Cacheability=WTRA
MMTAppReg4.MEMORYMAP.ContextName=Boot
MMTAppReg4.MEMORYMAP.CoreName=ARM Cortex-M7
MMTAppReg4.MEMORYMAP.DefaultCodeRegion=true
MMTAppReg4.MEMORYMAP.DefaultDataRegion=false
MMTAppReg4.MEMORYMAP.IPParameters=StartAddress,Size,CoreName,DefaultDataRegion,MemType,ContextName,Name,AP,Cacheability,DefaultCodeRegion
MMTAppReg4.MEMORYMAP.MemType=ROM
MMTAppReg4.MEMORYMAP.Name=FLASH
MMTAppReg4.MEMORYMAP.Size=65536
MMTAppReg4.MEMORYMAP.StartAddress=0x08000000
MMTAppReg5.MEMORYMAP.AppRegionName=DTCM
MMTAppReg5.MEMORYMAP.ContextName=Appli
MMTAppReg5.MEMORYMAP.CoreName=ARM Cortex-M7
MMTAppReg5.MEMORYMAP.DefaultDataRegion=true
MMTAppReg5.MEMORYMAP.IPParameters=StartAddress,Size,CoreName,DefaultDataRegion,ContextName,Name
MMTAppReg5.MEMORYMAP.Name=DTCM
MMTAppReg5.MEMORYMAP.Size=65536
MMTAppReg5.MEMORYMAP.StartAddress=0x20000000
MMTAppReg6.MEMORYMAP.AppRegionName=RAM
MMTAppReg6.MEMORYMAP.ContextName=Appli
MMTAppReg6.MEMORYMAP.CoreName=ARM Cortex-M7
MMTAppReg6.MEMORYMAP.DefaultDataRegion=true
MMTAppReg6.MEMORYMAP.IPParameters=StartAddress,Size,CoreName,DefaultDataRegion,ContextName,Name
MMTAppReg6.MEMORYMAP.Name=RAM
MMTAppReg6.MEMORYMAP.Size=465920
MMTAppReg6.MEMORYMAP.StartAddress=0x24000000
MMTAppReg7.MEMORYMAP.AppRegionName=ITCM
MMTAppReg7.MEMORYMAP.Cacheability=WTRA
MMTAppReg7.MEMORYMAP.ContextName=Appli
MMTAppReg7.MEMORYMAP.CoreName=ARM Cortex-M7
MMTAppReg7.MEMORYMAP.DefaultDataRegion=false
MMTAppReg7.MEMORYMAP.IPParameters=StartAddress,Size,CoreName,DefaultDataRegion,ContextName,Name,Cacheability
MMTAppReg7.MEMORYMAP.Name=ITCM
MMTAppReg7.MEMORYMAP.Size=65536
MMTAppReg7.MEMORYMAP.StartAddress=0x00000000
MMTAppReg8.MEMORYMAP.AP=RO_priv_only
MMTAppReg8.MEMORYMAP.AppRegionName=FLASH
MMTAppReg8.MEMORYMAP.Cacheability=WTRA
MMTAppReg8.MEMORYMAP.ContextName=Appli
MMTAppReg8.MEMORYMAP.CoreName=ARM Cortex-M7
MMTAppReg8.MEMORYMAP.DefaultCodeRegion=true
MMTAppReg8.MEMORYMAP.DefaultDataRegion=false
MMTAppReg8.MEMORYMAP.IPParameters=StartAddress,Size,CoreName,DefaultDataRegion,MemType,ContextName,Name,AP,Cacheability,DefaultCodeRegion
MMTAppReg8.MEMORYMAP.MemType=ROM
MMTAppReg8.MEMORYMAP.Name=FLASH
MMTAppReg8.MEMORYMAP.Size=65536
MMTAppReg8.MEMORYMAP.StartAddress=0x08000000
MMTAppRegionsCount=8
MMTConfigApplied=false
Mcu.CPN=STM32H7R7L8H6H
Mcu.Context0=Boot
Mcu.Context1=Appli
Mcu.Context2=ExtMemLoader
Mcu.ContextNb=3
Mcu.Family=STM32H7
Mcu.IP0=CORTEX_M7_APPLI
Mcu.IP1=CORTEX_M7_BOOT
Mcu.IP10=UART7
Mcu.IP11=USART1
Mcu.IP12=USB_OTG_HS
Mcu.IP13=XSPI1
Mcu.IP14=XSPI2
Mcu.IP2=ETH
Mcu.IP3=FDCAN1
Mcu.IP4=FLASH
Mcu.IP5=MEMORYMAP
Mcu.IP6=NVIC2
Mcu.IP7=NVIC1
Mcu.IP8=RCC
Mcu.IP9=SDMMC1
Mcu.IPNb=15
Mcu.Name=STM32H7R7L8HxH
Mcu.Package=TFBGA225 HEXA SMPS
Mcu.Pin0=PM6
Mcu.Pin1=PD2
Mcu.Pin10=PC15-OSC32_OUT(OSC32_OUT)
Mcu.Pin11=PC14-OSC32_IN(OSC32_IN)
Mcu.Pin12=PC12
Mcu.Pin13=PC8
Mcu.Pin14=PD6
Mcu.Pin15=PC9
Mcu.Pin16=PG14
Mcu.Pin17=PG11
Mcu.Pin18=PN1
Mcu.Pin19=PG13
Mcu.Pin2=PD7
Mcu.Pin20=PN3
Mcu.Pin21=PN0
Mcu.Pin22=PN11
Mcu.Pin23=PN10
Mcu.Pin24=PN9
Mcu.Pin25=PN2
Mcu.Pin26=PF10
Mcu.Pin27=PN7
Mcu.Pin28=PN6
Mcu.Pin29=PH0-OSC_IN(PH0)
Mcu.Pin3=PM9
Mcu.Pin30=PH1-OSC_OUT(PH1)
Mcu.Pin31=PN8
Mcu.Pin32=PN4
Mcu.Pin33=PN5
Mcu.Pin34=PC1
Mcu.Pin35=PC4
Mcu.Pin36=PD14
Mcu.Pin37=PN12
Mcu.Pin38=PA4
Mcu.Pin39=PA7
Mcu.Pin4=PM5
Mcu.Pin40=PB14
Mcu.Pin41=PB15
Mcu.Pin42=PC5
Mcu.Pin43=PP2
Mcu.Pin44=PP5
Mcu.Pin45=PO2
Mcu.Pin46=PP1
Mcu.Pin47=PP3
Mcu.Pin48=PP0
Mcu.Pin49=PP7
Mcu.Pin5=PD1
Mcu.Pin50=PP4
Mcu.Pin51=PO4
Mcu.Pin52=PP6
Mcu.Pin53=PO0
Mcu.Pin54=VP_FLASH_SIG_Activate_FlashIP
Mcu.Pin55=VP_RCC_VS_RMII
Mcu.Pin56=VP_XSPI1_VS_octo
Mcu.Pin57=VP_XSPI2_VS_octo
Mcu.Pin58=VP_MEMORYMAP_VS_MEMORYMAP
Mcu.Pin6=PC10
Mcu.Pin7=PC11
Mcu.Pin8=PM8
Mcu.Pin9=PD0
Mcu.PinsNb=59
Mcu.ThirdPartyNb=0
Mcu.UserConstants=
Mcu.UserName=STM32H7R7L8HxH
MxCube.Version=6.12.0
MxDb.Version=DB.6.0.120
NVIC1.BusFault_IRQn=true\:0\:0\:false\:false\:true\:false\:false\:false
NVIC1.DebugMonitor_IRQn=true\:0\:0\:false\:false\:true\:false\:false\:false
NVIC1.ForceEnableDMAVector=true
NVIC1.HardFault_IRQn=true\:0\:0\:false\:false\:true\:false\:false\:false
NVIC1.MemoryManagement_IRQn=true\:0\:0\:false\:false\:true\:false\:false\:false
NVIC1.NonMaskableInt_IRQn=true\:0\:0\:false\:false\:true\:false\:false\:false
NVIC1.PendSV_IRQn=true\:0\:0\:false\:false\:true\:false\:false\:false
NVIC1.PriorityGroup=NVIC_PRIORITYGROUP_4
NVIC1.SVCall_IRQn=true\:0\:0\:false\:false\:true\:false\:false\:false
NVIC1.SysTick_IRQn=true\:15\:0\:false\:false\:true\:false\:true\:false
NVIC1.UsageFault_IRQn=true\:0\:0\:false\:false\:true\:false\:false\:false
NVIC2.BusFault_IRQn=true\:0\:0\:false\:false\:true\:false\:false\:false
NVIC2.DebugMonitor_IRQn=true\:0\:0\:false\:false\:true\:false\:false\:false
NVIC2.ETH_IRQn=true\:7\:0\:true\:false\:true\:true\:true\:true
NVIC2.ForceEnableDMAVector=true
NVIC2.HardFault_IRQn=true\:0\:0\:false\:false\:true\:false\:false\:false
NVIC2.MemoryManagement_IRQn=true\:0\:0\:false\:false\:true\:false\:false\:false
NVIC2.NonMaskableInt_IRQn=true\:0\:0\:false\:false\:true\:false\:false\:false
NVIC2.PendSV_IRQn=true\:0\:0\:false\:false\:true\:false\:false\:false
NVIC2.PriorityGroup=NVIC_PRIORITYGROUP_4
NVIC2.SDMMC1_IRQn=true\:6\:0\:true\:false\:true\:true\:true\:true
NVIC2.SVCall_IRQn=true\:0\:0\:false\:false\:true\:false\:false\:false
NVIC2.SysTick_IRQn=true\:15\:0\:false\:false\:true\:false\:true\:false
NVIC2.UsageFault_IRQn=true\:0\:0\:false\:false\:true\:false\:false\:false
PA4.GPIOParameters=PinAttribute
PA4.Locked=true
PA4.Mode=RMII
PA4.PinAttribute=Appli
PA4.Signal=ETH_MDIO
PA7.GPIOParameters=PinAttribute
PA7.Mode=RMII
PA7.PinAttribute=Appli
PA7.Signal=ETH_RMII_CRS_DV
PB14.GPIOParameters=PinAttribute
PB14.Locked=true
PB14.Mode=Asynchronous
PB14.PinAttribute=Appli
PB14.Signal=USART1_TX
PB15.GPIOParameters=PinAttribute
PB15.Locked=true
PB15.Mode=Asynchronous
PB15.PinAttribute=Appli
PB15.Signal=USART1_RX
PC1.GPIOParameters=PinAttribute
PC1.Mode=RMII
PC1.PinAttribute=Appli
PC1.Signal=ETH_MDC
PC10.GPIOParameters=PinAttribute
PC10.Mode=SD_4_bits_Wide_bus
PC10.PinAttribute=Appli
PC10.Signal=SDMMC1_D2
PC11.GPIOParameters=PinAttribute
PC11.Mode=SD_4_bits_Wide_bus
PC11.PinAttribute=Appli
PC11.Signal=SDMMC1_D3
PC12.GPIOParameters=PinAttribute
PC12.Mode=SD_4_bits_Wide_bus
PC12.PinAttribute=Appli
PC12.Signal=SDMMC1_CK
PC14-OSC32_IN(OSC32_IN).Mode=LSE-External-Oscillator
PC14-OSC32_IN(OSC32_IN).Signal=RCC_OSC32_IN
PC15-OSC32_OUT(OSC32_OUT).Mode=LSE-External-Oscillator
PC15-OSC32_OUT(OSC32_OUT).Signal=RCC_OSC32_OUT
PC4.GPIOParameters=PinAttribute
PC4.Mode=RMII
PC4.PinAttribute=Appli
PC4.Signal=ETH_RMII_RXD0
PC5.GPIOParameters=PinAttribute
PC5.Mode=RMII
PC5.PinAttribute=Appli
PC5.Signal=ETH_RMII_RXD1
PC8.GPIOParameters=PinAttribute
PC8.Mode=SD_4_bits_Wide_bus
PC8.PinAttribute=Appli
PC8.Signal=SDMMC1_D0
PC9.GPIOParameters=PinAttribute
PC9.Mode=SD_4_bits_Wide_bus
PC9.PinAttribute=Appli
PC9.Signal=SDMMC1_D1
PD0.GPIOParameters=PinAttribute
PD0.Locked=true
PD0.Mode=FDCAN_Activate
PD0.PinAttribute=Appli
PD0.Signal=FDCAN1_RX
PD1.GPIOParameters=PinAttribute
PD1.Locked=true
PD1.Mode=FDCAN_Activate
PD1.PinAttribute=Appli
PD1.Signal=FDCAN1_TX
PD14.GPIOParameters=GPIO_PuPd,GPIO_Label,PinAttribute
PD14.GPIO_Label=LED0
PD14.GPIO_PuPd=GPIO_PULLDOWN
PD14.Locked=true
PD14.PinAttribute=Free
PD14.Signal=GPIO_Output
PD2.GPIOParameters=PinAttribute
PD2.Mode=SD_4_bits_Wide_bus
PD2.PinAttribute=Appli
PD2.Signal=SDMMC1_CMD
PD6.GPIOParameters=PinAttribute
PD6.Mode=Digital_ClockEthClk
PD6.PinAttribute=Free
PD6.Signal=ETH_CLK
PD7.GPIOParameters=PinAttribute
PD7.Mode=RMII
PD7.PinAttribute=Appli
PD7.Signal=ETH_RMII_REF_CLK
PF10.GPIOParameters=GPIO_Speed,PinState,GPIO_Label,PinAttribute
PF10.GPIO_Label=ETH_RESET
PF10.GPIO_Speed=GPIO_SPEED_FREQ_HIGH
PF10.Locked=true
PF10.PinAttribute=Free
PF10.PinState=GPIO_PIN_SET
PF10.Signal=GPIO_Output
PG11.GPIOParameters=PinAttribute
PG11.Mode=RMII
PG11.PinAttribute=Appli
PG11.Signal=ETH_RMII_TX_EN
PG13.GPIOParameters=PinAttribute
PG13.Mode=RMII
PG13.PinAttribute=Appli
PG13.Signal=ETH_RMII_TXD0
PG14.GPIOParameters=PinAttribute
PG14.Locked=true
PG14.Mode=RMII
PG14.PinAttribute=Appli
PG14.Signal=ETH_RMII_TXD1
PH0-OSC_IN(PH0).Mode=HSE-External-Oscillator
PH0-OSC_IN(PH0).Signal=RCC_OSC_IN
PH1-OSC_OUT(PH1).Mode=HSE-External-Oscillator
PH1-OSC_OUT(PH1).Signal=RCC_OSC_OUT
PM5.GPIOParameters=PinAttribute
PM5.Locked=true
PM5.Mode=Internal_Phy_Device
PM5.PinAttribute=Appli
PM5.Signal=USB_OTG_HS_DM
PM6.GPIOParameters=PinAttribute
PM6.Locked=true
PM6.Mode=Internal_Phy_Device
PM6.PinAttribute=Appli
PM6.Signal=USB_OTG_HS_DP
PM8.GPIOParameters=PinAttribute
PM8.Locked=true
PM8.Mode=Asynchronous
PM8.PinAttribute=Appli
PM8.Signal=UART7_RX
PM9.GPIOParameters=PinAttribute
PM9.Mode=Asynchronous
PM9.PinAttribute=Appli
PM9.Signal=UART7_TX
PN0.GPIOParameters=PinAttribute
PN0.Mode=XSPI2_Port2Octo
PN0.PinAttribute=Appli
PN0.Signal=XSPIM_P2_DQS0
PN1.GPIOParameters=PinAttribute
PN1.Mode=XSPI2_NCS1_Port2
PN1.PinAttribute=Appli
PN1.Signal=XSPIM_P2_NCS1
PN10.GPIOParameters=PinAttribute
PN10.Mode=XSPI2_Port2Octo
PN10.PinAttribute=Appli
PN10.Signal=XSPIM_P2_IO6
PN11.GPIOParameters=PinAttribute
PN11.Mode=XSPI2_Port2Octo
PN11.PinAttribute=Appli
PN11.Signal=XSPIM_P2_IO7
PN12.GPIOParameters=PinState,GPIO_PuPd,GPIO_Label,PinAttribute
PN12.GPIO_Label=HyperRam_RST
PN12.GPIO_PuPd=GPIO_PULLUP
PN12.Locked=true
PN12.PinAttribute=Free
PN12.PinState=GPIO_PIN_SET
PN12.Signal=GPIO_Output
PN2.GPIOParameters=PinAttribute
PN2.Mode=XSPI2_Port2Octo
PN2.PinAttribute=Appli
PN2.Signal=XSPIM_P2_IO0
PN3.GPIOParameters=PinAttribute
PN3.Mode=XSPI2_Port2Octo
PN3.PinAttribute=Appli
PN3.Signal=XSPIM_P2_IO1
PN4.GPIOParameters=PinAttribute
PN4.Mode=XSPI2_Port2Octo
PN4.PinAttribute=Appli
PN4.Signal=XSPIM_P2_IO2
PN5.GPIOParameters=PinAttribute
PN5.Mode=XSPI2_Port2Octo
PN5.PinAttribute=Appli
PN5.Signal=XSPIM_P2_IO3
PN6.GPIOParameters=PinAttribute
PN6.Mode=XSPI2_Port2Octo
PN6.PinAttribute=Appli
PN6.Signal=XSPIM_P2_CLK
PN7.GPIOParameters=PinAttribute
PN7.Mode=XSPI2_Port2_NCLK
PN7.PinAttribute=Appli
PN7.Signal=XSPIM_P2_NCLK
PN8.GPIOParameters=PinAttribute
PN8.Mode=XSPI2_Port2Octo
PN8.PinAttribute=Appli
PN8.Signal=XSPIM_P2_IO4
PN9.GPIOParameters=PinAttribute
PN9.Mode=XSPI2_Port2Octo
PN9.PinAttribute=Appli
PN9.Signal=XSPIM_P2_IO5
PO0.GPIOParameters=PinAttribute
PO0.Mode=XSPI1_NCS1_Port1
PO0.PinAttribute=Appli
PO0.Signal=XSPIM_P1_NCS1
PO2.GPIOParameters=PinAttribute
PO2.Locked=true
PO2.Mode=XSPI1_Port1Octo
PO2.PinAttribute=Appli
PO2.Signal=XSPIM_P1_DQS0
PO4.GPIOParameters=PinAttribute
PO4.Locked=true
PO4.Mode=XSPI1_Port1Octo
PO4.PinAttribute=Appli
PO4.Signal=XSPIM_P1_CLK
PP0.GPIOParameters=PinAttribute
PP0.Locked=true
PP0.Mode=XSPI1_Port1Octo
PP0.PinAttribute=Appli
PP0.Signal=XSPIM_P1_IO0
PP1.GPIOParameters=PinAttribute
PP1.Locked=true
PP1.Mode=XSPI1_Port1Octo
PP1.PinAttribute=Appli
PP1.Signal=XSPIM_P1_IO1
PP2.GPIOParameters=PinAttribute
PP2.Locked=true
PP2.Mode=XSPI1_Port1Octo
PP2.PinAttribute=Appli
PP2.Signal=XSPIM_P1_IO2
PP3.GPIOParameters=PinAttribute
PP3.Locked=true
PP3.Mode=XSPI1_Port1Octo
PP3.PinAttribute=Appli
PP3.Signal=XSPIM_P1_IO3
PP4.GPIOParameters=PinAttribute
PP4.Locked=true
PP4.Mode=XSPI1_Port1Octo
PP4.PinAttribute=Appli
PP4.Signal=XSPIM_P1_IO4
PP5.GPIOParameters=PinAttribute
PP5.Locked=true
PP5.Mode=XSPI1_Port1Octo
PP5.PinAttribute=Appli
PP5.Signal=XSPIM_P1_IO5
PP6.GPIOParameters=PinAttribute
PP6.Locked=true
PP6.Mode=XSPI1_Port1Octo
PP6.PinAttribute=Appli
PP6.Signal=XSPIM_P1_IO6
PP7.GPIOParameters=PinAttribute
PP7.Locked=true
PP7.Mode=XSPI1_Port1Octo
PP7.PinAttribute=Appli
PP7.Signal=XSPIM_P1_IO7
PinOutPanel.CurrentBGAView=Top
PinOutPanel.RotationAngle=0
ProjectManager.AskForMigrate=true
ProjectManager.BackupPrevious=false
ProjectManager.CompilerLinker=GCC
ProjectManager.CompilerOptimize=6
ProjectManager.ComputerToolchain=false
ProjectManager.CoupleFile=false
ProjectManager.CustomerFirmwarePackage=
ProjectManager.DefaultFWLocation=true
ProjectManager.DeletePrevious=true
ProjectManager.DeviceId=STM32H7R7L8HxH
ProjectManager.FirmwarePackage=STM32Cube FW_H7RS V1.1.0
ProjectManager.FreePins=false
ProjectManager.HalAssertFull=false
ProjectManager.HeapSize=App-0x200,Boot-0x200,ExtMemLoader-0x200
ProjectManager.KeepUserCode=true
ProjectManager.LastFirmware=true
ProjectManager.LibraryCopy=0
ProjectManager.MainLocation=Core/Src
ProjectManager.NoMain=false
ProjectManager.PreviousToolchain=
ProjectManager.ProjectBuild=false
ProjectManager.ProjectFileName=CubeMX_Config.ioc
ProjectManager.ProjectName=CubeMX_Config
ProjectManager.ProjectStructure=Boot\:Boot Project\:true;App\:Appli Project\:true;ExtMemLoader\:ExtMemLoader Project\:false;
ProjectManager.RegisterCallBack=
ProjectManager.StackSize=App-0x400,Boot-0x400,ExtMemLoader-0x400
ProjectManager.TargetToolchain=MDK-ARM V5.37
ProjectManager.ToolChainLocation=
ProjectManager.UAScriptAfterPath=
ProjectManager.UAScriptBeforePath=
ProjectManager.UnderRoot=false
ProjectManager.functionlistsort=1-SystemClock_Config-RCC-false-HAL-false-Boot,2-MX_USB_OTG_HS_PCD_Init-USB_OTG_HS-false-HAL-true-Boot,1-SystemClock_Config-RCC-false-HAL-false-Appli,2-MX_GPIO_Init-GPIO-false-HAL-true-Appli,3-MX_FLASH_Init-FLASH-false-HAL-true-Appli,4-MX_USB_OTG_HS_PCD_Init-USB_OTG_HS-false-HAL-true-Appli,5-MX_USART1_UART_Init-USART1-false-HAL-true-Appli,false-6-MX_XSPI1_Init-XSPI1-false-HAL-true-Appli,false-7-MX_XSPI2_Init-XSPI2-false-HAL-true-Appli,8-MX_FDCAN1_Init-FDCAN1-false-HAL-true-Appli,9-MX_ETH_Init-ETH-false-HAL-true-Appli,10-MX_SDMMC1_SD_Init-SDMMC1-false-HAL-true-Appli,0-MX_CORTEX_M7_BOOT_Init-CORTEX_M7_BOOT-false-HAL-true-Boot,0-MX_CORTEX_M7_APPLI_Init-CORTEX_M7_APPLI-false-HAL-true-Appli,1-SystemClock_Config-RCC-false-HAL-false-ExtMemLoader
RCC.ADCFreq_Value=600000000
RCC.ADFFreq_Value=300000000
RCC.AHB1234Freq_Value=300000000
RCC.AHB5ClockFreq_Value=300000000
RCC.APB1Freq_Value=150000000
RCC.APB2Freq_Value=150000000
RCC.APB4Freq_Value=150000000
RCC.APB5Freq_Value=150000000
RCC.AXIClockFreq_Value=300000000
RCC.BMPRE=RCC_HCLK_DIV2
RCC.CECFreq_Value=32768
RCC.CKPERFreq_Value=64000000
RCC.CPREFreq_Value=600000000
RCC.CortexFreq_Value=600000000
RCC.CpuClockFreq_Value=600000000
RCC.DIVM1=6
RCC.DIVM2=6
RCC.DIVM3=18
RCC.DIVN1=300
RCC.DIVN2=300
RCC.DIVN3=300
RCC.DIVP1Freq_Value=600000000
RCC.DIVP2Freq_Value=600000000
RCC.DIVP3Freq_Value=200000000
RCC.DIVQ1Freq_Value=600000000
RCC.DIVQ2Freq_Value=600000000
RCC.DIVQ3Freq_Value=200000000
RCC.DIVR1Freq_Value=600000000
RCC.DIVR2Freq_Value=600000000
RCC.DIVR3=1
RCC.DIVR3Freq_Value=400000000
RCC.DIVS1Freq_Value=600000000
RCC.DIVS2Freq_Value=600000000
RCC.DIVS3=8
RCC.DIVS3Freq_Value=50000000
RCC.DIVT1Freq_Value=600000000
RCC.DIVT2=6
RCC.DIVT2Freq_Value=200000000
RCC.DIVT3Freq_Value=200000000
RCC.DTSFreq_Value=32768
RCC.ETH1Freq_Value=50000000
RCC.ETHPHYCLockSelection=RCC_ETH1PHYCLKSOURCE_PLL3S
RCC.ETHPHYFreq_Value=50000000
RCC.FDCANCLockSelection=RCC_FDCANCLKSOURCE_PLL1Q
RCC.FDCANFreq_Value=600000000
RCC.FMCFreq_Value=300000000
RCC.FamilyName=M
RCC.HCLKFreq_Value=300000000
RCC.I2C23Freq_Value=150000000
RCC.I2CI3C1Freq_Value=150000000
RCC.IPParameters=ADCFreq_Value,ADFFreq_Value,AHB1234Freq_Value,AHB5ClockFreq_Value,APB1Freq_Value,APB2Freq_Value,APB4Freq_Value,APB5Freq_Value,AXIClockFreq_Value,BMPRE,CECFreq_Value,CKPERFreq_Value,CPREFreq_Value,CortexFreq_Value,CpuClockFreq_Value,DIVM1,DIVM2,DIVM3,DIVN1,DIVN2,DIVN3,DIVP1Freq_Value,DIVP2Freq_Value,DIVP3Freq_Value,DIVQ1Freq_Value,DIVQ2Freq_Value,DIVQ3Freq_Value,DIVR1Freq_Value,DIVR2Freq_Value,DIVR3,DIVR3Freq_Value,DIVS1Freq_Value,DIVS2Freq_Value,DIVS3,DIVS3Freq_Value,DIVT1Freq_Value,DIVT2,DIVT2Freq_Value,DIVT3Freq_Value,DTSFreq_Value,ETH1Freq_Value,ETHPHYCLockSelection,ETHPHYFreq_Value,FDCANCLockSelection,FDCANFreq_Value,FMCFreq_Value,FamilyName,HCLKFreq_Value,I2C23Freq_Value,I2CI3C1Freq_Value,LPTIM1Freq_Value,LPTIM23Freq_Value,LPTIM45Freq_Value,LPUART1Freq_Value,LTDCFreq_Value,MCO1PinFreq_Value,MCO2PinFreq_Value,OSPI1Freq_Value,OSPI2Freq_Value,PLL2FRACN,PLL3FRACN,PLLFRACN,PLLSource,PPRE1,PPRE2,PPRE4,PPRE5,PSSIFreq_Value,RTCFreq_Value,SAI1Freq_Value,SAI2Freq_Value,SDMMC1CLockSelection,SDMMCFreq_Value,SPDIFRXFreq_Value,SPI1Freq_Value,SPI23Freq_Value,SPI45Freq_Value,SPI6Freq_Value,SYSCLKFreq_VALUE,SYSCLKSource,TPIUFreq_Value,Tim1OutputFreq_Value,Tim2OutputFreq_Value,UCPDFreq_Value,USART1Freq_Value,USART234578Freq_Value,USBOFSFreq_Value,USBPHYFreq_Value,VCO1OutputFreq_Value,VCO2OutputFreq_Value,VCO3OutputFreq_Value,VCOInput1Freq_Value,VCOInput2Freq_Value,VCOInput3Freq_Value,Xspi1ClockSelection,Xspi2ClockSelection
RCC.LPTIM1Freq_Value=150000000
RCC.LPTIM23Freq_Value=150000000
RCC.LPTIM45Freq_Value=150000000
RCC.LPUART1Freq_Value=150000000
RCC.LTDCFreq_Value=400000000
RCC.MCO1PinFreq_Value=64000000
RCC.MCO2PinFreq_Value=600000000
RCC.OSPI1Freq_Value=600000000
RCC.OSPI2Freq_Value=600000000
RCC.PLL2FRACN=0
RCC.PLL3FRACN=0
RCC.PLLFRACN=0
RCC.PLLSource=RCC_PLLSOURCE_HSE
RCC.PPRE1=RCC_APB1_DIV2
RCC.PPRE2=RCC_APB2_DIV2
RCC.PPRE4=RCC_APB4_DIV2
RCC.PPRE5=RCC_APB5_DIV2
RCC.PSSIFreq_Value=400000000
RCC.RTCFreq_Value=32000
RCC.SAI1Freq_Value=600000000
RCC.SAI2Freq_Value=600000000
RCC.SDMMC1CLockSelection=RCC_SDMMC12CLKSOURCE_PLL2T
RCC.SDMMCFreq_Value=200000000
RCC.SPDIFRXFreq_Value=600000000
RCC.SPI1Freq_Value=600000000
RCC.SPI23Freq_Value=600000000
RCC.SPI45Freq_Value=150000000
RCC.SPI6Freq_Value=150000000
RCC.SYSCLKFreq_VALUE=600000000
RCC.SYSCLKSource=RCC_SYSCLKSOURCE_PLLCLK
RCC.TPIUFreq_Value=200000000
RCC.Tim1OutputFreq_Value=300000000
RCC.Tim2OutputFreq_Value=300000000
RCC.UCPDFreq_Value=16000000
RCC.USART1Freq_Value=150000000
RCC.USART234578Freq_Value=150000000
RCC.USBOFSFreq_Value=48000000
RCC.USBPHYFreq_Value=24000000
RCC.VCO1OutputFreq_Value=1200000000
RCC.VCO2OutputFreq_Value=1200000000
RCC.VCO3OutputFreq_Value=400000000
RCC.VCOInput1Freq_Value=4000000
RCC.VCOInput2Freq_Value=4000000
RCC.VCOInput3Freq_Value=1333333.3333333333
RCC.Xspi1ClockSelection=RCC_XSPI1CLKSOURCE_PLL2S
RCC.Xspi2ClockSelection=RCC_XSPI2CLKSOURCE_PLL2S
USART1.IPParameters=VirtualMode
USART1.VirtualMode=VM_ASYNC
USB_OTG_HS.IPParameters=VirtualMode
USB_OTG_HS.VirtualMode=Device_HS
VP_FLASH_SIG_Activate_FlashIP.Mode=Activate_FlashIP
VP_FLASH_SIG_Activate_FlashIP.Signal=FLASH_SIG_Activate_FlashIP
VP_MEMORYMAP_VS_MEMORYMAP.Mode=CurAppReg
VP_MEMORYMAP_VS_MEMORYMAP.Signal=MEMORYMAP_VS_MEMORYMAP
VP_RCC_VS_RMII.Mode=Digital_ClockIn
VP_RCC_VS_RMII.Signal=RCC_VS_RMII
VP_XSPI1_VS_octo.Mode=octo_mode
VP_XSPI1_VS_octo.Signal=XSPI1_VS_octo
VP_XSPI2_VS_octo.Mode=hyperbus_mode
VP_XSPI2_VS_octo.Signal=XSPI2_VS_octo
board=custom
