#MicroXplorer Configuration settings - do not modify
ETH.IPParameters=MediaInterface
ETH.MediaInterface=ETH_MEDIA_INTERFACE_RMII
File.Version=6
KeepUserPlacement=false
Mcu.Family=STM32F7
Mcu.IP0=CORTEX_M7
Mcu.IP1=ETH
Mcu.IP10=TIM11
Mcu.IP11=USART1
Mcu.IP2=FMC
Mcu.IP3=IWDG
Mcu.IP4=LTDC
Mcu.IP5=NVIC
Mcu.IP6=QUADSPI
Mcu.IP7=RCC
Mcu.IP8=SDMMC1
Mcu.IP9=SYS
Mcu.IPNb=12
Mcu.Name=STM32F746NGHx
Mcu.Package=TFBGA216
Mcu.Pin0=PE4
Mcu.Pin1=PE2
Mcu.Pin10=PG11
Mcu.Pin11=PJ13
Mcu.Pin12=PD0
Mcu.Pin13=PC11
Mcu.Pin14=PC10
Mcu.Pin15=PK7
Mcu.Pin16=PK6
Mcu.Pin17=PK5
Mcu.Pin18=PG12
Mcu.Pin19=PJ14
Mcu.Pin2=PG14
Mcu.Pin20=PD1
Mcu.Pin21=PF0
Mcu.Pin22=PI10
Mcu.Pin23=PK4
Mcu.Pin24=PK3
Mcu.Pin25=PJ15
Mcu.Pin26=PD2
Mcu.Pin27=PC14/OSC32_IN
Mcu.Pin28=PF1
Mcu.Pin29=PI12
Mcu.Pin3=PC12
Mcu.Pin30=PI9
Mcu.Pin31=PA9
Mcu.Pin32=PC15/OSC32_OUT
Mcu.Pin33=PK1
Mcu.Pin34=PK2
Mcu.Pin35=PC9
Mcu.Pin36=PH0/OSC_IN
Mcu.Pin37=PF2
Mcu.Pin38=PI15
Mcu.Pin39=PJ11
Mcu.Pin4=PA14
Mcu.Pin40=PK0
Mcu.Pin41=PC8
Mcu.Pin42=PH1/OSC_OUT
Mcu.Pin43=PF3
Mcu.Pin44=PI14
Mcu.Pin45=PJ8
Mcu.Pin46=PJ10
Mcu.Pin47=PG8
Mcu.Pin48=PF4
Mcu.Pin49=PH5
Mcu.Pin5=PA13
Mcu.Pin50=PH3
Mcu.Pin51=PJ7
Mcu.Pin52=PJ9
Mcu.Pin53=PF5
Mcu.Pin54=PJ6
Mcu.Pin55=PD15
Mcu.Pin56=PD10
Mcu.Pin57=PC3
Mcu.Pin58=PD14
Mcu.Pin59=PD9
Mcu.Pin6=PG13
Mcu.Pin60=PD8
Mcu.Pin61=PC1
Mcu.Pin62=PB2
Mcu.Pin63=PF12
Mcu.Pin64=PF15
Mcu.Pin65=PJ4
Mcu.Pin66=PD12
Mcu.Pin67=PD13
Mcu.Pin68=PJ5
Mcu.Pin69=PA1
Mcu.Pin7=PB7
Mcu.Pin70=PC4
Mcu.Pin71=PF13
Mcu.Pin72=PG0
Mcu.Pin73=PJ3
Mcu.Pin74=PE8
Mcu.Pin75=PD11
Mcu.Pin76=PG5
Mcu.Pin77=PG4
Mcu.Pin78=PA2
Mcu.Pin79=PC5
Mcu.Pin8=PB6
Mcu.Pin80=PF14
Mcu.Pin81=PJ2
Mcu.Pin82=PF11
Mcu.Pin83=PE9
Mcu.Pin84=PE11
Mcu.Pin85=PE14
Mcu.Pin86=PA7
Mcu.Pin87=PJ0
Mcu.Pin88=PJ1
Mcu.Pin89=PE7
Mcu.Pin9=PG15
Mcu.Pin90=PE10
Mcu.Pin91=PE12
Mcu.Pin92=PE15
Mcu.Pin93=PE13
Mcu.Pin94=VP_IWDG_VS_IWDG
Mcu.Pin95=VP_SYS_VS_Systick
Mcu.Pin96=VP_TIM11_VS_ClockSourceINT
Mcu.PinsNb=97
Mcu.ThirdPartyNb=0
Mcu.UserConstants=
Mcu.UserName=STM32F746NGHx
MxCube.Version=5.2.1
MxDb.Version=DB.5.0.21
NVIC.BusFault_IRQn=true\:0\:0\:false\:false\:true\:false\:false
NVIC.DebugMonitor_IRQn=true\:0\:0\:false\:false\:true\:false\:false
NVIC.HardFault_IRQn=true\:0\:0\:false\:false\:true\:false\:false
NVIC.MemoryManagement_IRQn=true\:0\:0\:false\:false\:true\:false\:false
NVIC.NonMaskableInt_IRQn=true\:0\:0\:false\:false\:true\:false\:false
NVIC.PendSV_IRQn=true\:0\:0\:false\:false\:true\:false\:false
NVIC.PriorityGroup=NVIC_PRIORITYGROUP_4
NVIC.SVCall_IRQn=true\:0\:0\:false\:false\:true\:false\:false
NVIC.SysTick_IRQn=true\:0\:0\:false\:false\:true\:false\:true
NVIC.UsageFault_IRQn=true\:0\:0\:false\:false\:true\:false\:false
PA1.Mode=RMII
PA1.Signal=ETH_REF_CLK
PA13.Mode=Serial_Wire
PA13.Signal=SYS_JTMS-SWDIO
PA14.Mode=Serial_Wire
PA14.Signal=SYS_JTCK-SWCLK
PA2.Mode=RMII
PA2.Signal=ETH_MDIO
PA7.Mode=RMII
PA7.Signal=ETH_CRS_DV
PA9.Locked=true
PA9.Mode=Asynchronous
PA9.Signal=USART1_TX
PB2.Mode=Single Bank 1
PB2.Signal=QUADSPI_CLK
PB6.Mode=Single Bank 1
PB6.Signal=QUADSPI_BK1_NCS
PB7.Mode=Asynchronous
PB7.Signal=USART1_RX
PC1.Mode=RMII
PC1.Signal=ETH_MDC
PC10.Mode=SD_4_bits_Wide_bus
PC10.Signal=SDMMC1_D2
PC11.Mode=SD_4_bits_Wide_bus
PC11.Signal=SDMMC1_D3
PC12.Mode=SD_4_bits_Wide_bus
PC12.Signal=SDMMC1_CK
PC14/OSC32_IN.Mode=LSE-External-Oscillator
PC14/OSC32_IN.Signal=RCC_OSC32_IN
PC15/OSC32_OUT.Mode=LSE-External-Oscillator
PC15/OSC32_OUT.Signal=RCC_OSC32_OUT
PC3.Locked=true
PC3.Mode=SdramChipSelect1_1
PC3.Signal=FMC_SDCKE0
PC4.Mode=RMII
PC4.Signal=ETH_RXD0
PC5.Mode=RMII
PC5.Signal=ETH_RXD1
PC8.Mode=SD_4_bits_Wide_bus
PC8.Signal=SDMMC1_D0
PC9.Mode=SD_4_bits_Wide_bus
PC9.Signal=SDMMC1_D1
PCC.Checker=false
PCC.Line=STM32F7x6
PCC.MCU=STM32F746NGHx
PCC.PartNumber=STM32F746NGHx
PCC.Seq0=0
PCC.Series=STM32F7
PCC.Temperature=25
PCC.Vdd=3.3
PD0.Signal=FMC_D2_DA2
PD1.Signal=FMC_D3_DA3
PD10.Signal=FMC_D15_DA15
PD11.Locked=true
PD11.Mode=Single Bank 1
PD11.Signal=QUADSPI_BK1_IO0
PD12.Locked=true
PD12.Mode=Single Bank 1
PD12.Signal=QUADSPI_BK1_IO1
PD13.Locked=true
PD13.Mode=Single Bank 1
PD13.Signal=QUADSPI_BK1_IO3
PD14.Signal=FMC_D0_DA0
PD15.Signal=FMC_D1_DA1
PD2.Mode=SD_4_bits_Wide_bus
PD2.Signal=SDMMC1_CMD
PD8.Signal=FMC_D13_DA13
PD9.Signal=FMC_D14_DA14
PE10.Signal=FMC_D7_DA7
PE11.Signal=FMC_D8_DA8
PE12.Signal=FMC_D9_DA9
PE13.Signal=FMC_D10_DA10
PE14.Signal=FMC_D11_DA11
PE15.Signal=FMC_D12_DA12
PE2.Locked=true
PE2.Mode=Single Bank 1
PE2.Signal=QUADSPI_BK1_IO2
PE4.Mode=RGB888
PE4.Signal=LTDC_B0
PE7.Signal=FMC_D4_DA4
PE8.Signal=FMC_D5_DA5
PE9.Signal=FMC_D6_DA6
PF0.Signal=FMC_A0
PF1.Signal=FMC_A1
PF11.Signal=FMC_SDNRAS
PF12.Signal=FMC_A6
PF13.Signal=FMC_A7
PF14.Signal=FMC_A8
PF15.Signal=FMC_A9
PF2.Signal=FMC_A2
PF3.Signal=FMC_A3
PF4.Signal=FMC_A4
PF5.Signal=FMC_A5
PG0.Signal=FMC_A10
PG11.Mode=RMII
PG11.Signal=ETH_TX_EN
PG12.Locked=true
PG12.Mode=RGB888
PG12.Signal=LTDC_B4
PG13.Mode=RMII
PG13.Signal=ETH_TXD0
PG14.Mode=RMII
PG14.Signal=ETH_TXD1
PG15.Signal=FMC_SDNCAS
PG4.Signal=FMC_A14_BA0
PG5.Signal=FMC_A15_BA1
PG8.Signal=FMC_SDCLK
PH0/OSC_IN.Mode=HSE-External-Oscillator
PH0/OSC_IN.Signal=RCC_OSC_IN
PH1/OSC_OUT.Mode=HSE-External-Oscillator
PH1/OSC_OUT.Signal=RCC_OSC_OUT
PH3.Mode=SdramChipSelect1_1
PH3.Signal=FMC_SDNE0
PH5.Signal=FMC_SDNWE
PI10.Locked=true
PI10.Mode=RGB888
PI10.Signal=LTDC_HSYNC
PI12.Locked=true
PI12.Signal=GPIO_Output
PI14.Mode=RGB888
PI14.Signal=LTDC_CLK
PI15.Mode=RGB888
PI15.Signal=LTDC_R0
PI9.Locked=true
PI9.Mode=RGB888
PI9.Signal=LTDC_VSYNC
PJ0.Mode=RGB888
PJ0.Signal=LTDC_R1
PJ1.Locked=true
PJ1.Mode=RGB888
PJ1.Signal=LTDC_R2
PJ10.Locked=true
PJ10.Mode=RGB888
PJ10.Signal=LTDC_G3
PJ11.Locked=true
PJ11.Mode=RGB888
PJ11.Signal=LTDC_G4
PJ13.Locked=true
PJ13.Mode=RGB888
PJ13.Signal=LTDC_B1
PJ14.Locked=true
PJ14.Mode=RGB888
PJ14.Signal=LTDC_B2
PJ15.Locked=true
PJ15.Mode=RGB888
PJ15.Signal=LTDC_B3
PJ2.Locked=true
PJ2.Mode=RGB888
PJ2.Signal=LTDC_R3
PJ3.Locked=true
PJ3.Mode=RGB888
PJ3.Signal=LTDC_R4
PJ4.Locked=true
PJ4.Mode=RGB888
PJ4.Signal=LTDC_R5
PJ5.Locked=true
PJ5.Mode=RGB888
PJ5.Signal=LTDC_R6
PJ6.Locked=true
PJ6.Mode=RGB888
PJ6.Signal=LTDC_R7
PJ7.Locked=true
PJ7.Mode=RGB888
PJ7.Signal=LTDC_G0
PJ8.Locked=true
PJ8.Mode=RGB888
PJ8.Signal=LTDC_G1
PJ9.Locked=true
PJ9.Mode=RGB888
PJ9.Signal=LTDC_G2
PK0.Locked=true
PK0.Mode=RGB888
PK0.Signal=LTDC_G5
PK1.Locked=true
PK1.Mode=RGB888
PK1.Signal=LTDC_G6
PK2.Locked=true
PK2.Mode=RGB888
PK2.Signal=LTDC_G7
PK3.Locked=true
PK3.Signal=GPIO_Output
PK4.Locked=true
PK4.Mode=RGB888
PK4.Signal=LTDC_B5
PK5.Locked=true
PK5.Mode=RGB888
PK5.Signal=LTDC_B6
PK6.Locked=true
PK6.Mode=RGB888
PK6.Signal=LTDC_B7
PK7.Mode=RGB888
PK7.Signal=LTDC_DE
PinOutPanel.CurrentBGAView=Top
PinOutPanel.RotationAngle=0
ProjectManager.AskForMigrate=true
ProjectManager.BackupPrevious=false
ProjectManager.CompilerOptimize=6
ProjectManager.ComputerToolchain=false
ProjectManager.CoupleFile=false
ProjectManager.CustomerFirmwarePackage=
ProjectManager.DefaultFWLocation=false
ProjectManager.DeletePrevious=true
ProjectManager.DeviceId=STM32F746NGHx
ProjectManager.FirmwarePackage=STM32Cube FW_F7 V1.15.0
ProjectManager.FreePins=false
ProjectManager.HalAssertFull=false
ProjectManager.HeapSize=0x200
ProjectManager.KeepUserCode=true
ProjectManager.LastFirmware=true
ProjectManager.LibraryCopy=0
ProjectManager.MainLocation=Src
ProjectManager.NoMain=false
ProjectManager.PreviousToolchain=
ProjectManager.ProjectBuild=false
ProjectManager.ProjectFileName=CubeMX_Config.ioc
ProjectManager.ProjectName=CubeMX_Config
ProjectManager.StackSize=0x400
ProjectManager.TargetToolchain=MDK-ARM V5
ProjectManager.ToolChainLocation=
ProjectManager.UnderRoot=false
ProjectManager.functionlistsort=1-MX_GPIO_Init-GPIO-false-HAL-true,2-SystemClock_Config-RCC-false-HAL-false,3-MX_CORTEX_M7_Init-CORTEX_M7-false-HAL-true,4-MX_USART1_UART_Init-USART1-false-HAL-true,5-MX_QUADSPI_Init-QUADSPI-false-HAL-true,6-MX_ETH_Init-ETH-false-HAL-true,7-MX_FMC_Init-FMC-false-HAL-true,8-MX_SDMMC1_SD_Init-SDMMC1-false-HAL-true,9-MX_LTDC_Init-LTDC-false-HAL-true,10-MX_IWDG_Init-IWDG-false-HAL-true,11-MX_TIM11_Init-TIM11-false-HAL-true
QUADSPI.ChipSelectHighTime=QSPI_CS_HIGH_TIME_6_CYCLE
QUADSPI.ClockPrescaler=1
QUADSPI.FifoThreshold=4
QUADSPI.IPParameters=ClockPrescaler,FifoThreshold,SampleShifting,ChipSelectHighTime
QUADSPI.SampleShifting=QSPI_SAMPLE_SHIFTING_HALFCYCLE
RCC.AHBFreq_Value=216000000
RCC.APB1CLKDivider=RCC_HCLK_DIV4
RCC.APB1Freq_Value=54000000
RCC.APB1TimFreq_Value=108000000
RCC.APB2CLKDivider=RCC_HCLK_DIV2
RCC.APB2Freq_Value=108000000
RCC.APB2TimFreq_Value=216000000
RCC.CECFreq_Value=32786.88524590164
RCC.CortexFreq_Value=216000000
RCC.EthernetFreq_Value=216000000
RCC.FCLKCortexFreq_Value=216000000
RCC.FamilyName=M
RCC.HCLKFreq_Value=216000000
RCC.HSE_VALUE=25000000
RCC.HSI_VALUE=16000000
RCC.I2C1Freq_Value=54000000
RCC.I2C2Freq_Value=54000000
RCC.I2C3Freq_Value=54000000
RCC.I2C4Freq_Value=54000000
RCC.I2SFreq_Value=96000000
RCC.IPParameters=AHBFreq_Value,APB1CLKDivider,APB1Freq_Value,APB1TimFreq_Value,APB2CLKDivider,APB2Freq_Value,APB2TimFreq_Value,CECFreq_Value,CortexFreq_Value,EthernetFreq_Value,FCLKCortexFreq_Value,FamilyName,HCLKFreq_Value,HSE_VALUE,HSI_VALUE,I2C1Freq_Value,I2C2Freq_Value,I2C3Freq_Value,I2C4Freq_Value,I2SFreq_Value,LCDTFToutputFreq_Value,LPTIM1Freq_Value,LSI_VALUE,MCO2PinFreq_Value,PLLCLKFreq_Value,PLLI2SPCLKFreq_Value,PLLI2SQCLKFreq_Value,PLLI2SRCLKFreq_Value,PLLI2SRoutputFreq_Value,PLLM,PLLN,PLLQ,PLLQCLKFreq_Value,PLLQoutputFreq_Value,PLLSAIPCLKFreq_Value,PLLSAIQCLKFreq_Value,PLLSAIR,PLLSAIRCLKFreq_Value,PLLSAIRDiv,PLLSAIoutputFreq_Value,PLLSourceVirtual,RNGFreq_Value,SAI1Freq_Value,SAI2Freq_Value,SDMMCClockSelection,SDMMCFreq_Value,SPDIFRXFreq_Value,SYSCLKFreq_VALUE,SYSCLKSource,UART4Freq_Value,UART5Freq_Value,UART7Freq_Value,UART8Freq_Value,USART1Freq_Value,USART2Freq_Value,USART3Freq_Value,USART6Freq_Value,USBFreq_Value,VCOI2SOutputFreq_Value,VCOInputFreq_Value,VCOOutputFreq_Value,VCOSAIOutputFreq_Value
RCC.LCDTFToutputFreq_Value=9600000
RCC.LPTIM1Freq_Value=54000000
RCC.LSI_VALUE=32000
RCC.MCO2PinFreq_Value=216000000
RCC.PLLCLKFreq_Value=216000000
RCC.PLLI2SPCLKFreq_Value=96000000
RCC.PLLI2SQCLKFreq_Value=96000000
RCC.PLLI2SRCLKFreq_Value=96000000
RCC.PLLI2SRoutputFreq_Value=96000000
RCC.PLLM=25
RCC.PLLN=432
RCC.PLLQ=9
RCC.PLLQCLKFreq_Value=48000000
RCC.PLLQoutputFreq_Value=48000000
RCC.PLLSAIPCLKFreq_Value=96000000
RCC.PLLSAIQCLKFreq_Value=96000000
RCC.PLLSAIR=5
RCC.PLLSAIRCLKFreq_Value=38400000
RCC.PLLSAIRDiv=RCC_PLLSAIDIVR_4
RCC.PLLSAIoutputFreq_Value=96000000
RCC.PLLSourceVirtual=RCC_PLLSOURCE_HSE
RCC.RNGFreq_Value=48000000
RCC.SAI1Freq_Value=96000000
RCC.SAI2Freq_Value=96000000
RCC.SDMMCClockSelection=RCC_SDMMC1CLKSOURCE_CLK48
RCC.SDMMCFreq_Value=48000000
RCC.SPDIFRXFreq_Value=96000000
RCC.SYSCLKFreq_VALUE=216000000
RCC.SYSCLKSource=RCC_SYSCLKSOURCE_PLLCLK
RCC.UART4Freq_Value=54000000
RCC.UART5Freq_Value=54000000
RCC.UART7Freq_Value=54000000
RCC.UART8Freq_Value=54000000
RCC.USART1Freq_Value=108000000
RCC.USART2Freq_Value=54000000
RCC.USART3Freq_Value=54000000
RCC.USART6Freq_Value=108000000
RCC.USBFreq_Value=48000000
RCC.VCOI2SOutputFreq_Value=192000000
RCC.VCOInputFreq_Value=1000000
RCC.VCOOutputFreq_Value=432000000
RCC.VCOSAIOutputFreq_Value=192000000
SH.FMC_A0.0=FMC_A0,11b-sda1
SH.FMC_A0.ConfNb=1
SH.FMC_A1.0=FMC_A1,11b-sda1
SH.FMC_A1.ConfNb=1
SH.FMC_A10.0=FMC_A10,11b-sda1
SH.FMC_A10.ConfNb=1
SH.FMC_A14_BA0.0=FMC_BA0,FourSdramBanks1
SH.FMC_A14_BA0.ConfNb=1
SH.FMC_A15_BA1.0=FMC_BA1,FourSdramBanks1
SH.FMC_A15_BA1.ConfNb=1
SH.FMC_A2.0=FMC_A2,11b-sda1
SH.FMC_A2.ConfNb=1
SH.FMC_A3.0=FMC_A3,11b-sda1
SH.FMC_A3.ConfNb=1
SH.FMC_A4.0=FMC_A4,11b-sda1
SH.FMC_A4.ConfNb=1
SH.FMC_A5.0=FMC_A5,11b-sda1
SH.FMC_A5.ConfNb=1
SH.FMC_A6.0=FMC_A6,11b-sda1
SH.FMC_A6.ConfNb=1
SH.FMC_A7.0=FMC_A7,11b-sda1
SH.FMC_A7.ConfNb=1
SH.FMC_A8.0=FMC_A8,11b-sda1
SH.FMC_A8.ConfNb=1
SH.FMC_A9.0=FMC_A9,11b-sda1
SH.FMC_A9.ConfNb=1
SH.FMC_D0_DA0.0=FMC_D0,sd-16b-d1
SH.FMC_D0_DA0.ConfNb=1
SH.FMC_D10_DA10.0=FMC_D10,sd-16b-d1
SH.FMC_D10_DA10.ConfNb=1
SH.FMC_D11_DA11.0=FMC_D11,sd-16b-d1
SH.FMC_D11_DA11.ConfNb=1
SH.FMC_D12_DA12.0=FMC_D12,sd-16b-d1
SH.FMC_D12_DA12.ConfNb=1
SH.FMC_D13_DA13.0=FMC_D13,sd-16b-d1
SH.FMC_D13_DA13.ConfNb=1
SH.FMC_D14_DA14.0=FMC_D14,sd-16b-d1
SH.FMC_D14_DA14.ConfNb=1
SH.FMC_D15_DA15.0=FMC_D15,sd-16b-d1
SH.FMC_D15_DA15.ConfNb=1
SH.FMC_D1_DA1.0=FMC_D1,sd-16b-d1
SH.FMC_D1_DA1.ConfNb=1
SH.FMC_D2_DA2.0=FMC_D2,sd-16b-d1
SH.FMC_D2_DA2.ConfNb=1
SH.FMC_D3_DA3.0=FMC_D3,sd-16b-d1
SH.FMC_D3_DA3.ConfNb=1
SH.FMC_D4_DA4.0=FMC_D4,sd-16b-d1
SH.FMC_D4_DA4.ConfNb=1
SH.FMC_D5_DA5.0=FMC_D5,sd-16b-d1
SH.FMC_D5_DA5.ConfNb=1
SH.FMC_D6_DA6.0=FMC_D6,sd-16b-d1
SH.FMC_D6_DA6.ConfNb=1
SH.FMC_D7_DA7.0=FMC_D7,sd-16b-d1
SH.FMC_D7_DA7.ConfNb=1
SH.FMC_D8_DA8.0=FMC_D8,sd-16b-d1
SH.FMC_D8_DA8.ConfNb=1
SH.FMC_D9_DA9.0=FMC_D9,sd-16b-d1
SH.FMC_D9_DA9.ConfNb=1
SH.FMC_SDCLK.0=FMC_SDCLK,11b-sda1
SH.FMC_SDCLK.ConfNb=1
SH.FMC_SDNCAS.0=FMC_SDNCAS,11b-sda1
SH.FMC_SDNCAS.ConfNb=1
SH.FMC_SDNRAS.0=FMC_SDNRAS,11b-sda1
SH.FMC_SDNRAS.ConfNb=1
SH.FMC_SDNWE.0=FMC_SDNWE,11b-sda1
SH.FMC_SDNWE.ConfNb=1
USART1.IPParameters=VirtualMode-Asynchronous
USART1.VirtualMode-Asynchronous=VM_ASYNC
VP_IWDG_VS_IWDG.Mode=IWDG_Activate
VP_IWDG_VS_IWDG.Signal=IWDG_VS_IWDG
VP_SYS_VS_Systick.Mode=SysTick
VP_SYS_VS_Systick.Signal=SYS_VS_Systick
VP_TIM11_VS_ClockSourceINT.Mode=Enable_Timer
VP_TIM11_VS_ClockSourceINT.Signal=TIM11_VS_ClockSourceINT
board=custom
